// !$*UTF8*$!
{
	archiveVersion = 1;
	classes = {
	};
	objectVersion = 56;
	objects = {

/* Begin PBXBuildFile section */
		A96B643728F5BC9800E23BB2 /* ChooseScenarioViewModel.swift in Sources */ = {isa = PBXBuildFile; fileRef = A96B643628F5BC9800E23BB2 /* ChooseScenarioViewModel.swift */; };
		A979929629066E5C00CDD27C /* ScenarioDAO.swift in Sources */ = {isa = PBXBuildFile; fileRef = A979929529066E5C00CDD27C /* ScenarioDAO.swift */; };
		A993D81828EB16640052DC92 /* Baloo2-VariableFont_wght.ttf in Resources */ = {isa = PBXBuildFile; fileRef = A993D81728EB16640052DC92 /* Baloo2-VariableFont_wght.ttf */; };
		A993D81E28EB17300052DC92 /* UIFont+Ext.swift in Sources */ = {isa = PBXBuildFile; fileRef = A993D81D28EB17300052DC92 /* UIFont+Ext.swift */; };
		A993D82428EC68990052DC92 /* ChooseScenarioController.swift in Sources */ = {isa = PBXBuildFile; fileRef = A993D82328EC68990052DC92 /* ChooseScenarioController.swift */; };
		A993D82828EC7C870052DC92 /* ScenarioCell.swift in Sources */ = {isa = PBXBuildFile; fileRef = A993D82728EC7C870052DC92 /* ScenarioCell.swift */; };
		A9B1761C28FD2408005F2FC1 /* CloudKitHelper.swift in Sources */ = {isa = PBXBuildFile; fileRef = A9B1761B28FD2408005F2FC1 /* CloudKitHelper.swift */; };
		A9B1761E28FD3667005F2FC1 /* UIImage+Ext.swift in Sources */ = {isa = PBXBuildFile; fileRef = A9B1761D28FD3667005F2FC1 /* UIImage+Ext.swift */; };
		A9B1762328FDA25C005F2FC1 /* CircularProgressBarView.swift in Sources */ = {isa = PBXBuildFile; fileRef = A9B1762228FDA25C005F2FC1 /* CircularProgressBarView.swift */; };
		C5082142290FCEAA009A645B /* UIColor+Ext.swift in Sources */ = {isa = PBXBuildFile; fileRef = C5082141290FCEAA009A645B /* UIColor+Ext.swift */; };
		C50821442910036D009A645B /* FetchError.swift in Sources */ = {isa = PBXBuildFile; fileRef = C50821432910036D009A645B /* FetchError.swift */; };
		A9E9D4B829125FDB00378FA7 /* AssetStepType.swift in Sources */ = {isa = PBXBuildFile; fileRef = A9E9D4B629125FDA00378FA7 /* AssetStepType.swift */; };
		A9E9D4B929125FDB00378FA7 /* RecordType.swift in Sources */ = {isa = PBXBuildFile; fileRef = A9E9D4B729125FDB00378FA7 /* RecordType.swift */; };
		A9E9D4BD291260C700378FA7 /* RxCocoa in Frameworks */ = {isa = PBXBuildFile; productRef = A9E9D4BC291260C700378FA7 /* RxCocoa */; };
		A9E9D4BF291260C700378FA7 /* RxSwift in Frameworks */ = {isa = PBXBuildFile; productRef = A9E9D4BE291260C700378FA7 /* RxSwift */; };
		C50B590728E587B6001D42E5 /* AppDelegate.swift in Sources */ = {isa = PBXBuildFile; fileRef = C50B590628E587B6001D42E5 /* AppDelegate.swift */; };
		C50B590928E587B6001D42E5 /* SceneDelegate.swift in Sources */ = {isa = PBXBuildFile; fileRef = C50B590828E587B6001D42E5 /* SceneDelegate.swift */; };
		C50B590B28E587B6001D42E5 /* ViewController.swift in Sources */ = {isa = PBXBuildFile; fileRef = C50B590A28E587B6001D42E5 /* ViewController.swift */; };
		C50B591128E587B6001D42E5 /* Komka.xcdatamodeld in Sources */ = {isa = PBXBuildFile; fileRef = C50B590F28E587B6001D42E5 /* Komka.xcdatamodeld */; };
		C50B591328E587B7001D42E5 /* Assets.xcassets in Resources */ = {isa = PBXBuildFile; fileRef = C50B591228E587B7001D42E5 /* Assets.xcassets */; };
		C50B591628E587B7001D42E5 /* LaunchScreen.storyboard in Resources */ = {isa = PBXBuildFile; fileRef = C50B591428E587B7001D42E5 /* LaunchScreen.storyboard */; };
		C50B592128E587B7001D42E5 /* KomkaTests.swift in Sources */ = {isa = PBXBuildFile; fileRef = C50B592028E587B7001D42E5 /* KomkaTests.swift */; };
		C50B592B28E587B7001D42E5 /* KomkaUITests.swift in Sources */ = {isa = PBXBuildFile; fileRef = C50B592A28E587B7001D42E5 /* KomkaUITests.swift */; };
		C50B592D28E587B7001D42E5 /* KomkaUITestsLaunchTests.swift in Sources */ = {isa = PBXBuildFile; fileRef = C50B592C28E587B7001D42E5 /* KomkaUITestsLaunchTests.swift */; };
		C51C4C742900255200CD2184 /* ArrangeWordViewController.swift in Sources */ = {isa = PBXBuildFile; fileRef = C51C4C732900255200CD2184 /* ArrangeWordViewController.swift */; };
		C51C4C762900256F00CD2184 /* WordCollectionViewCell.swift in Sources */ = {isa = PBXBuildFile; fileRef = C51C4C752900256F00CD2184 /* WordCollectionViewCell.swift */; };
		C52AC77F29097B2D007EB788 /* ArrangeWordTestCase.swift in Sources */ = {isa = PBXBuildFile; fileRef = C52AC77E29097B2D007EB788 /* ArrangeWordTestCase.swift */; };
		C52AC78229098079007EB788 /* RxCocoa in Frameworks */ = {isa = PBXBuildFile; productRef = C52AC78129098079007EB788 /* RxCocoa */; };
		C5336BD628F8665000AC24A9 /* UIImageView+Ext.swift in Sources */ = {isa = PBXBuildFile; fileRef = C5336BD528F8665000AC24A9 /* UIImageView+Ext.swift */; };
		C542E7BD29080A130001ADD5 /* RxCocoa in Frameworks */ = {isa = PBXBuildFile; productRef = C542E7BC29080A130001ADD5 /* RxCocoa */; };
		C542E7BF29080A130001ADD5 /* RxSwift in Frameworks */ = {isa = PBXBuildFile; productRef = C542E7BE29080A130001ADD5 /* RxSwift */; };
		C542E7C129080A250001ADD5 /* ArrangeWordViewModel.swift in Sources */ = {isa = PBXBuildFile; fileRef = C542E7C029080A250001ADD5 /* ArrangeWordViewModel.swift */; };
		C542E7C329080A3E0001ADD5 /* ArrangeWordDAO.swift in Sources */ = {isa = PBXBuildFile; fileRef = C542E7C229080A3E0001ADD5 /* ArrangeWordDAO.swift */; };
		C5962217290051F700B98B1B /* WordSlotCollectionViewCell.swift in Sources */ = {isa = PBXBuildFile; fileRef = C5962216290051F700B98B1B /* WordSlotCollectionViewCell.swift */; };
		C5D9828728F713D400E89F60 /* MultipleChoiceViewController.swift in Sources */ = {isa = PBXBuildFile; fileRef = C5D9828628F713D400E89F60 /* MultipleChoiceViewController.swift */; };
		C5D9828B28F7BFDB00E89F60 /* Scenario.swift in Sources */ = {isa = PBXBuildFile; fileRef = C5D9828A28F7BFDB00E89F60 /* Scenario.swift */; };
		C5D9828D28F7C5FD00E89F60 /* WordImitation.swift in Sources */ = {isa = PBXBuildFile; fileRef = C5D9828C28F7C5FD00E89F60 /* WordImitation.swift */; };
		C5D9828F28F7C7F500E89F60 /* Level.swift in Sources */ = {isa = PBXBuildFile; fileRef = C5D9828E28F7C7F500E89F60 /* Level.swift */; };
		C5D9829128F7C8F200E89F60 /* Reward.swift in Sources */ = {isa = PBXBuildFile; fileRef = C5D9829028F7C8F200E89F60 /* Reward.swift */; };
		C5D9829328F7C93200E89F60 /* MultipleChoice.swift in Sources */ = {isa = PBXBuildFile; fileRef = C5D9829228F7C93200E89F60 /* MultipleChoice.swift */; };
		C5D9829728F7C98200E89F60 /* ContentAsset.swift in Sources */ = {isa = PBXBuildFile; fileRef = C5D9829628F7C98200E89F60 /* ContentAsset.swift */; };
		DC3F64F62911332E00D5152E /* UILabel+Ext.swift in Sources */ = {isa = PBXBuildFile; fileRef = DC3F64F52911332E00D5152E /* UILabel+Ext.swift */; };
		DC3F64F829113B2B00D5152E /* MultipleChoicePart.swift in Sources */ = {isa = PBXBuildFile; fileRef = DC3F64F729113B2B00D5152E /* MultipleChoicePart.swift */; };
		DC3F64FA29113B7200D5152E /* Choices.swift in Sources */ = {isa = PBXBuildFile; fileRef = DC3F64F929113B7200D5152E /* Choices.swift */; };
		DC4B746128F534CF00A9C640 /* ChooseGenderViewController.swift in Sources */ = {isa = PBXBuildFile; fileRef = DC4B746028F534CF00A9C640 /* ChooseGenderViewController.swift */; };
		DC4B746528F5351D00A9C640 /* ChooseGenderViewModel.swift in Sources */ = {isa = PBXBuildFile; fileRef = DC4B746428F5351D00A9C640 /* ChooseGenderViewModel.swift */; };
		DC4B746828F5355700A9C640 /* ScreenSizeConfiguration.swift in Sources */ = {isa = PBXBuildFile; fileRef = DC4B746728F5355700A9C640 /* ScreenSizeConfiguration.swift */; };
		DC4B746B28F5358500A9C640 /* ReusableComponent.swift in Sources */ = {isa = PBXBuildFile; fileRef = DC4B746A28F5358500A9C640 /* ReusableComponent.swift */; };
		DC4B746D28F5359700A9C640 /* AutoLayout.swift in Sources */ = {isa = PBXBuildFile; fileRef = DC4B746C28F5359700A9C640 /* AutoLayout.swift */; };
		DC4B746F28F535FF00A9C640 /* NSUbiquitousKeyValueStore+Ext.swift in Sources */ = {isa = PBXBuildFile; fileRef = DC4B746E28F535FF00A9C640 /* NSUbiquitousKeyValueStore+Ext.swift */; };
		DC4B747428F53A5200A9C640 /* Button.swift in Sources */ = {isa = PBXBuildFile; fileRef = DC4B747228F53A5200A9C640 /* Button.swift */; };
		DC85A19228F73DEF00E457F0 /* FullSentencesViewController.swift in Sources */ = {isa = PBXBuildFile; fileRef = DC85A19128F73DEF00E457F0 /* FullSentencesViewController.swift */; };
		DC85A19428F73E2B00E457F0 /* TextToSpeechService.swift in Sources */ = {isa = PBXBuildFile; fileRef = DC85A19328F73E2B00E457F0 /* TextToSpeechService.swift */; };
		DC8DFD97290574A100EEEB64 /* Bubble.mp3 in Resources */ = {isa = PBXBuildFile; fileRef = DC8DFD96290574A100EEEB64 /* Bubble.mp3 */; };
		DC8DFD9B290574AE00EEEB64 /* Correct.mp3 in Resources */ = {isa = PBXBuildFile; fileRef = DC8DFD9A290574AE00EEEB64 /* Correct.mp3 */; };
		DC8DFD9D290574B300EEEB64 /* Incorrect.mp3 in Resources */ = {isa = PBXBuildFile; fileRef = DC8DFD9C290574B300EEEB64 /* Incorrect.mp3 */; };
		DC8DFD9F2905755A00EEEB64 /* SoundEffectService.swift in Sources */ = {isa = PBXBuildFile; fileRef = DC8DFD9E2905755A00EEEB64 /* SoundEffectService.swift */; };
		DC8DFDA12905921900EEEB64 /* CompletionPage.mp3 in Resources */ = {isa = PBXBuildFile; fileRef = DC8DFDA02905921900EEEB64 /* CompletionPage.mp3 */; };
		DC8DFDA62906A6E000EEEB64 /* ContentAssetDAO.swift in Sources */ = {isa = PBXBuildFile; fileRef = DC8DFDA52906A6E000EEEB64 /* ContentAssetDAO.swift */; };
		DC8DFDA82906A9E900EEEB64 /* MultipleChoiceDAO.swift in Sources */ = {isa = PBXBuildFile; fileRef = DC8DFDA72906A9E900EEEB64 /* MultipleChoiceDAO.swift */; };
		DC8DFDAB2906B46600EEEB64 /* RxCocoa in Frameworks */ = {isa = PBXBuildFile; productRef = DC8DFDAA2906B46600EEEB64 /* RxCocoa */; };
		DC8DFDAD2906B46600EEEB64 /* RxSwift in Frameworks */ = {isa = PBXBuildFile; productRef = DC8DFDAC2906B46600EEEB64 /* RxSwift */; };
		DCA64B2928FFE8CD004D9D69 /* MultipleChoiceViewModel.swift in Sources */ = {isa = PBXBuildFile; fileRef = DCA64B2828FFE8CD004D9D69 /* MultipleChoiceViewModel.swift */; };
		DCA64B2B28FFED91004D9D69 /* CKHelper.swift in Sources */ = {isa = PBXBuildFile; fileRef = DCA64B2A28FFED91004D9D69 /* CKHelper.swift */; };
		DCED8F3F28F80C91009F31E3 /* LevelButton.swift in Sources */ = {isa = PBXBuildFile; fileRef = DCED8F3E28F80C91009F31E3 /* LevelButton.swift */; };
		DCED8F4128F85BF8009F31E3 /* UIImageView+Ext.swift in Sources */ = {isa = PBXBuildFile; fileRef = DCED8F4028F85BF8009F31E3 /* UIImageView+Ext.swift */; };
		DCED8F4528F865C2009F31E3 /* SoundPracticeViewController.swift in Sources */ = {isa = PBXBuildFile; fileRef = DCED8F4428F865C2009F31E3 /* SoundPracticeViewController.swift */; };
/* End PBXBuildFile section */

/* Begin PBXContainerItemProxy section */
		C50B591D28E587B7001D42E5 /* PBXContainerItemProxy */ = {
			isa = PBXContainerItemProxy;
			containerPortal = C50B58FB28E587B6001D42E5 /* Project object */;
			proxyType = 1;
			remoteGlobalIDString = C50B590228E587B6001D42E5;
			remoteInfo = Komka;
		};
		C50B592728E587B7001D42E5 /* PBXContainerItemProxy */ = {
			isa = PBXContainerItemProxy;
			containerPortal = C50B58FB28E587B6001D42E5 /* Project object */;
			proxyType = 1;
			remoteGlobalIDString = C50B590228E587B6001D42E5;
			remoteInfo = Komka;
		};
/* End PBXContainerItemProxy section */

/* Begin PBXFileReference section */
		A96B643628F5BC9800E23BB2 /* ChooseScenarioViewModel.swift */ = {isa = PBXFileReference; lastKnownFileType = sourcecode.swift; path = ChooseScenarioViewModel.swift; sourceTree = "<group>"; };
		A979929529066E5C00CDD27C /* ScenarioDAO.swift */ = {isa = PBXFileReference; lastKnownFileType = sourcecode.swift; path = ScenarioDAO.swift; sourceTree = "<group>"; };
		A993D81728EB16640052DC92 /* Baloo2-VariableFont_wght.ttf */ = {isa = PBXFileReference; lastKnownFileType = file; path = "Baloo2-VariableFont_wght.ttf"; sourceTree = "<group>"; };
		A993D81D28EB17300052DC92 /* UIFont+Ext.swift */ = {isa = PBXFileReference; lastKnownFileType = sourcecode.swift; path = "UIFont+Ext.swift"; sourceTree = "<group>"; };
		A993D82328EC68990052DC92 /* ChooseScenarioController.swift */ = {isa = PBXFileReference; lastKnownFileType = sourcecode.swift; path = ChooseScenarioController.swift; sourceTree = "<group>"; };
		A993D82728EC7C870052DC92 /* ScenarioCell.swift */ = {isa = PBXFileReference; lastKnownFileType = sourcecode.swift; path = ScenarioCell.swift; sourceTree = "<group>"; };
		A9B1761B28FD2408005F2FC1 /* CloudKitHelper.swift */ = {isa = PBXFileReference; lastKnownFileType = sourcecode.swift; path = CloudKitHelper.swift; sourceTree = "<group>"; };
		A9B1761D28FD3667005F2FC1 /* UIImage+Ext.swift */ = {isa = PBXFileReference; lastKnownFileType = sourcecode.swift; path = "UIImage+Ext.swift"; sourceTree = "<group>"; };
		A9B1762228FDA25C005F2FC1 /* CircularProgressBarView.swift */ = {isa = PBXFileReference; lastKnownFileType = sourcecode.swift; path = CircularProgressBarView.swift; sourceTree = "<group>"; };
		C5082141290FCEAA009A645B /* UIColor+Ext.swift */ = {isa = PBXFileReference; lastKnownFileType = sourcecode.swift; path = "UIColor+Ext.swift"; sourceTree = "<group>"; };
		C50821432910036D009A645B /* FetchError.swift */ = {isa = PBXFileReference; lastKnownFileType = sourcecode.swift; path = FetchError.swift; sourceTree = "<group>"; };
		A9E9D4B629125FDA00378FA7 /* AssetStepType.swift */ = {isa = PBXFileReference; fileEncoding = 4; lastKnownFileType = sourcecode.swift; path = AssetStepType.swift; sourceTree = "<group>"; };
		A9E9D4B729125FDB00378FA7 /* RecordType.swift */ = {isa = PBXFileReference; fileEncoding = 4; lastKnownFileType = sourcecode.swift; path = RecordType.swift; sourceTree = "<group>"; };
		C50B590328E587B6001D42E5 /* Komka.app */ = {isa = PBXFileReference; explicitFileType = wrapper.application; includeInIndex = 0; path = Komka.app; sourceTree = BUILT_PRODUCTS_DIR; };
		C50B590628E587B6001D42E5 /* AppDelegate.swift */ = {isa = PBXFileReference; lastKnownFileType = sourcecode.swift; path = AppDelegate.swift; sourceTree = "<group>"; };
		C50B590828E587B6001D42E5 /* SceneDelegate.swift */ = {isa = PBXFileReference; lastKnownFileType = sourcecode.swift; path = SceneDelegate.swift; sourceTree = "<group>"; };
		C50B590A28E587B6001D42E5 /* ViewController.swift */ = {isa = PBXFileReference; lastKnownFileType = sourcecode.swift; path = ViewController.swift; sourceTree = "<group>"; };
		C50B591028E587B6001D42E5 /* Komka.xcdatamodel */ = {isa = PBXFileReference; lastKnownFileType = wrapper.xcdatamodel; path = Komka.xcdatamodel; sourceTree = "<group>"; };
		C50B591228E587B7001D42E5 /* Assets.xcassets */ = {isa = PBXFileReference; lastKnownFileType = folder.assetcatalog; path = Assets.xcassets; sourceTree = "<group>"; };
		C50B591528E587B7001D42E5 /* Base */ = {isa = PBXFileReference; lastKnownFileType = file.storyboard; name = Base; path = Base.lproj/LaunchScreen.storyboard; sourceTree = "<group>"; };
		C50B591728E587B7001D42E5 /* Info.plist */ = {isa = PBXFileReference; lastKnownFileType = text.plist.xml; path = Info.plist; sourceTree = "<group>"; };
		C50B591C28E587B7001D42E5 /* KomkaTests.xctest */ = {isa = PBXFileReference; explicitFileType = wrapper.cfbundle; includeInIndex = 0; path = KomkaTests.xctest; sourceTree = BUILT_PRODUCTS_DIR; };
		C50B592028E587B7001D42E5 /* KomkaTests.swift */ = {isa = PBXFileReference; lastKnownFileType = sourcecode.swift; path = KomkaTests.swift; sourceTree = "<group>"; };
		C50B592628E587B7001D42E5 /* KomkaUITests.xctest */ = {isa = PBXFileReference; explicitFileType = wrapper.cfbundle; includeInIndex = 0; path = KomkaUITests.xctest; sourceTree = BUILT_PRODUCTS_DIR; };
		C50B592A28E587B7001D42E5 /* KomkaUITests.swift */ = {isa = PBXFileReference; lastKnownFileType = sourcecode.swift; path = KomkaUITests.swift; sourceTree = "<group>"; };
		C50B592C28E587B7001D42E5 /* KomkaUITestsLaunchTests.swift */ = {isa = PBXFileReference; lastKnownFileType = sourcecode.swift; path = KomkaUITestsLaunchTests.swift; sourceTree = "<group>"; };
		C51C4C732900255200CD2184 /* ArrangeWordViewController.swift */ = {isa = PBXFileReference; lastKnownFileType = sourcecode.swift; path = ArrangeWordViewController.swift; sourceTree = "<group>"; };
		C51C4C752900256F00CD2184 /* WordCollectionViewCell.swift */ = {isa = PBXFileReference; lastKnownFileType = sourcecode.swift; path = WordCollectionViewCell.swift; sourceTree = "<group>"; };
		C52AC77E29097B2D007EB788 /* ArrangeWordTestCase.swift */ = {isa = PBXFileReference; lastKnownFileType = sourcecode.swift; path = ArrangeWordTestCase.swift; sourceTree = "<group>"; };
		C5336BD528F8665000AC24A9 /* UIImageView+Ext.swift */ = {isa = PBXFileReference; fileEncoding = 4; lastKnownFileType = sourcecode.swift; path = "UIImageView+Ext.swift"; sourceTree = "<group>"; };
		C542E7C029080A250001ADD5 /* ArrangeWordViewModel.swift */ = {isa = PBXFileReference; lastKnownFileType = sourcecode.swift; path = ArrangeWordViewModel.swift; sourceTree = "<group>"; };
		C542E7C229080A3E0001ADD5 /* ArrangeWordDAO.swift */ = {isa = PBXFileReference; lastKnownFileType = sourcecode.swift; path = ArrangeWordDAO.swift; sourceTree = "<group>"; };
		C5962216290051F700B98B1B /* WordSlotCollectionViewCell.swift */ = {isa = PBXFileReference; lastKnownFileType = sourcecode.swift; path = WordSlotCollectionViewCell.swift; sourceTree = "<group>"; };
		C5C61EBB28EDD010009BF7D0 /* Komka.entitlements */ = {isa = PBXFileReference; lastKnownFileType = text.plist.entitlements; path = Komka.entitlements; sourceTree = "<group>"; };
		C5D9828628F713D400E89F60 /* MultipleChoiceViewController.swift */ = {isa = PBXFileReference; lastKnownFileType = sourcecode.swift; name = MultipleChoiceViewController.swift; path = Komka/MultipleChoice/View/MultipleChoiceViewController.swift; sourceTree = SOURCE_ROOT; };
		C5D9828A28F7BFDB00E89F60 /* Scenario.swift */ = {isa = PBXFileReference; lastKnownFileType = sourcecode.swift; path = Scenario.swift; sourceTree = "<group>"; };
		C5D9828C28F7C5FD00E89F60 /* WordImitation.swift */ = {isa = PBXFileReference; lastKnownFileType = sourcecode.swift; path = WordImitation.swift; sourceTree = "<group>"; };
		C5D9828E28F7C7F500E89F60 /* Level.swift */ = {isa = PBXFileReference; lastKnownFileType = sourcecode.swift; path = Level.swift; sourceTree = "<group>"; };
		C5D9829028F7C8F200E89F60 /* Reward.swift */ = {isa = PBXFileReference; lastKnownFileType = sourcecode.swift; path = Reward.swift; sourceTree = "<group>"; };
		C5D9829228F7C93200E89F60 /* MultipleChoice.swift */ = {isa = PBXFileReference; lastKnownFileType = sourcecode.swift; path = MultipleChoice.swift; sourceTree = "<group>"; };
		C5D9829628F7C98200E89F60 /* ContentAsset.swift */ = {isa = PBXFileReference; lastKnownFileType = sourcecode.swift; path = ContentAsset.swift; sourceTree = "<group>"; };
		DC3F64F52911332E00D5152E /* UILabel+Ext.swift */ = {isa = PBXFileReference; lastKnownFileType = sourcecode.swift; path = "UILabel+Ext.swift"; sourceTree = "<group>"; };
		DC3F64F729113B2B00D5152E /* MultipleChoicePart.swift */ = {isa = PBXFileReference; lastKnownFileType = sourcecode.swift; path = MultipleChoicePart.swift; sourceTree = "<group>"; };
		DC3F64F929113B7200D5152E /* Choices.swift */ = {isa = PBXFileReference; lastKnownFileType = sourcecode.swift; path = Choices.swift; sourceTree = "<group>"; };
		DC4B746028F534CF00A9C640 /* ChooseGenderViewController.swift */ = {isa = PBXFileReference; lastKnownFileType = sourcecode.swift; path = ChooseGenderViewController.swift; sourceTree = "<group>"; };
		DC4B746428F5351D00A9C640 /* ChooseGenderViewModel.swift */ = {isa = PBXFileReference; lastKnownFileType = sourcecode.swift; path = ChooseGenderViewModel.swift; sourceTree = "<group>"; };
		DC4B746728F5355700A9C640 /* ScreenSizeConfiguration.swift */ = {isa = PBXFileReference; lastKnownFileType = sourcecode.swift; path = ScreenSizeConfiguration.swift; sourceTree = "<group>"; };
		DC4B746A28F5358500A9C640 /* ReusableComponent.swift */ = {isa = PBXFileReference; lastKnownFileType = sourcecode.swift; path = ReusableComponent.swift; sourceTree = "<group>"; };
		DC4B746C28F5359700A9C640 /* AutoLayout.swift */ = {isa = PBXFileReference; lastKnownFileType = sourcecode.swift; path = AutoLayout.swift; sourceTree = "<group>"; };
		DC4B746E28F535FF00A9C640 /* NSUbiquitousKeyValueStore+Ext.swift */ = {isa = PBXFileReference; lastKnownFileType = sourcecode.swift; path = "NSUbiquitousKeyValueStore+Ext.swift"; sourceTree = "<group>"; };
		DC4B747228F53A5200A9C640 /* Button.swift */ = {isa = PBXFileReference; fileEncoding = 4; lastKnownFileType = sourcecode.swift; path = Button.swift; sourceTree = "<group>"; };
		DC85A19128F73DEF00E457F0 /* FullSentencesViewController.swift */ = {isa = PBXFileReference; lastKnownFileType = sourcecode.swift; path = FullSentencesViewController.swift; sourceTree = "<group>"; };
		DC85A19328F73E2B00E457F0 /* TextToSpeechService.swift */ = {isa = PBXFileReference; lastKnownFileType = sourcecode.swift; path = TextToSpeechService.swift; sourceTree = "<group>"; };
		DC8DFD96290574A100EEEB64 /* Bubble.mp3 */ = {isa = PBXFileReference; lastKnownFileType = audio.mp3; path = Bubble.mp3; sourceTree = "<group>"; };
		DC8DFD9A290574AE00EEEB64 /* Correct.mp3 */ = {isa = PBXFileReference; lastKnownFileType = audio.mp3; path = Correct.mp3; sourceTree = "<group>"; };
		DC8DFD9C290574B300EEEB64 /* Incorrect.mp3 */ = {isa = PBXFileReference; lastKnownFileType = audio.mp3; path = Incorrect.mp3; sourceTree = "<group>"; };
		DC8DFD9E2905755A00EEEB64 /* SoundEffectService.swift */ = {isa = PBXFileReference; lastKnownFileType = sourcecode.swift; path = SoundEffectService.swift; sourceTree = "<group>"; };
		DC8DFDA02905921900EEEB64 /* CompletionPage.mp3 */ = {isa = PBXFileReference; lastKnownFileType = audio.mp3; path = CompletionPage.mp3; sourceTree = "<group>"; };
		DC8DFDA52906A6E000EEEB64 /* ContentAssetDAO.swift */ = {isa = PBXFileReference; lastKnownFileType = sourcecode.swift; path = ContentAssetDAO.swift; sourceTree = "<group>"; };
		DC8DFDA72906A9E900EEEB64 /* MultipleChoiceDAO.swift */ = {isa = PBXFileReference; lastKnownFileType = sourcecode.swift; path = MultipleChoiceDAO.swift; sourceTree = "<group>"; };
		DCA64B2828FFE8CD004D9D69 /* MultipleChoiceViewModel.swift */ = {isa = PBXFileReference; lastKnownFileType = sourcecode.swift; path = MultipleChoiceViewModel.swift; sourceTree = "<group>"; };
		DCA64B2A28FFED91004D9D69 /* CKHelper.swift */ = {isa = PBXFileReference; lastKnownFileType = sourcecode.swift; path = CKHelper.swift; sourceTree = "<group>"; };
		DCED8F3E28F80C91009F31E3 /* LevelButton.swift */ = {isa = PBXFileReference; lastKnownFileType = sourcecode.swift; path = LevelButton.swift; sourceTree = "<group>"; };
		DCED8F4028F85BF8009F31E3 /* UIImageView+Ext.swift */ = {isa = PBXFileReference; lastKnownFileType = sourcecode.swift; path = "UIImageView+Ext.swift"; sourceTree = "<group>"; };
		DCED8F4428F865C2009F31E3 /* SoundPracticeViewController.swift */ = {isa = PBXFileReference; lastKnownFileType = sourcecode.swift; path = SoundPracticeViewController.swift; sourceTree = "<group>"; };
/* End PBXFileReference section */

/* Begin PBXFrameworksBuildPhase section */
		C50B590028E587B6001D42E5 /* Frameworks */ = {
			isa = PBXFrameworksBuildPhase;
			buildActionMask = 2147483647;
			files = (
				C542E7BF29080A130001ADD5 /* RxSwift in Frameworks */,
				C542E7BD29080A130001ADD5 /* RxCocoa in Frameworks */,
			);
			runOnlyForDeploymentPostprocessing = 0;
		};
		C50B591928E587B7001D42E5 /* Frameworks */ = {
			isa = PBXFrameworksBuildPhase;
			buildActionMask = 2147483647;
			files = (
				C52AC78229098079007EB788 /* RxCocoa in Frameworks */,
			);
			runOnlyForDeploymentPostprocessing = 0;
		};
		C50B592328E587B7001D42E5 /* Frameworks */ = {
			isa = PBXFrameworksBuildPhase;
			buildActionMask = 2147483647;
			files = (
			);
			runOnlyForDeploymentPostprocessing = 0;
		};
/* End PBXFrameworksBuildPhase section */

/* Begin PBXGroup section */
		A96B643528F5BC1B00E23BB2 /* ViewModel */ = {
			isa = PBXGroup;
			children = (
				A96B643628F5BC9800E23BB2 /* ChooseScenarioViewModel.swift */,
			);
			path = ViewModel;
			sourceTree = "<group>";
		};
		A993D81628EB16350052DC92 /* Font */ = {
			isa = PBXGroup;
			children = (
				A993D81728EB16640052DC92 /* Baloo2-VariableFont_wght.ttf */,
			);
			path = Font;
			sourceTree = "<group>";
		};
		A993D81B28EB17180052DC92 /* Utilities */ = {
			isa = PBXGroup;
			children = (
				DC4B746628F5353F00A9C640 /* Constants */,
				A993D81C28EB17240052DC92 /* Extension */,
			);
			path = Utilities;
			sourceTree = "<group>";
		};
		A993D81C28EB17240052DC92 /* Extension */ = {
			isa = PBXGroup;
			children = (
				DC4B746928F5356300A9C640 /* UIView+Ext */,
				C5336BD528F8665000AC24A9 /* UIImageView+Ext.swift */,
				A993D81D28EB17300052DC92 /* UIFont+Ext.swift */,
				DC4B746E28F535FF00A9C640 /* NSUbiquitousKeyValueStore+Ext.swift */,
				DCED8F4028F85BF8009F31E3 /* UIImageView+Ext.swift */,
				A9B1761D28FD3667005F2FC1 /* UIImage+Ext.swift */,
				C5082141290FCEAA009A645B /* UIColor+Ext.swift */,
				DC3F64F52911332E00D5152E /* UILabel+Ext.swift */,
			);
			path = Extension;
			sourceTree = "<group>";
		};
		A993D82928EFB8E10052DC92 /* ChooseScenario */ = {
			isa = PBXGroup;
			children = (
				A96B643528F5BC1B00E23BB2 /* ViewModel */,
				A993D82A28EFB8ED0052DC92 /* View */,
			);
			path = ChooseScenario;
			sourceTree = "<group>";
		};
		A993D82A28EFB8ED0052DC92 /* View */ = {
			isa = PBXGroup;
			children = (
				A993D82728EC7C870052DC92 /* ScenarioCell.swift */,
				A993D82328EC68990052DC92 /* ChooseScenarioController.swift */,
			);
			path = View;
			sourceTree = "<group>";
		};
		A993D82B28EFB9820052DC92 /* Themes */ = {
			isa = PBXGroup;
			children = (
				DC4B747528F53EAC00A9C640 /* UI */,
				A993D81628EB16350052DC92 /* Font */,
			);
			path = Themes;
			sourceTree = "<group>";
		};
		A9E9D4B0290A3FB000378FA7 /* DAO */ = {
			isa = PBXGroup;
			children = (
				A979929529066E5C00CDD27C /* ScenarioDAO.swift */,
			);
			path = DAO;
			sourceTree = "<group>";
		};
		A9E9D4BA29125FE300378FA7 /* CloudKit */ = {
			isa = PBXGroup;
			children = (
				A9B1761B28FD2408005F2FC1 /* CloudKitHelper.swift */,
				A9E9D4B629125FDA00378FA7 /* AssetStepType.swift */,
				A9E9D4B729125FDB00378FA7 /* RecordType.swift */,
			);
			path = CloudKit;
			sourceTree = "<group>";
		};
		C50B58FA28E587B6001D42E5 = {
			isa = PBXGroup;
			children = (
				C50821432910036D009A645B /* FetchError.swift */,
				C50B590528E587B6001D42E5 /* Komka */,
				C50B591F28E587B7001D42E5 /* KomkaTests */,
				C50B592928E587B7001D42E5 /* KomkaUITests */,
				C50B590428E587B6001D42E5 /* Products */,
				C52AC78029098079007EB788 /* Frameworks */,
			);
			sourceTree = "<group>";
		};
		C50B590428E587B6001D42E5 /* Products */ = {
			isa = PBXGroup;
			children = (
				C50B590328E587B6001D42E5 /* Komka.app */,
				C50B591C28E587B7001D42E5 /* KomkaTests.xctest */,
				C50B592628E587B7001D42E5 /* KomkaUITests.xctest */,
			);
			name = Products;
			sourceTree = "<group>";
		};
		C50B590528E587B6001D42E5 /* Komka */ = {
			isa = PBXGroup;
			children = (
				C51C4C722900253300CD2184 /* ArrangeWord */,
				A9E9D4B0290A3FB000378FA7 /* DAO */,
				DC8DFDA229064D0E00EEEB64 /* DAO */,
				DC8DFD952905749000EEEB64 /* SoundEffects */,
				C5D9828928F7BDAE00E89F60 /* Models */,
				C5C61EBB28EDD010009BF7D0 /* Komka.entitlements */,
				DCED8F4628F87B33009F31E3 /* Services */,
				A993D82B28EFB9820052DC92 /* Themes */,
				A993D81B28EB17180052DC92 /* Utilities */,
				DC4B745F28F5345700A9C640 /* ChooseGender */,
				A993D82928EFB8E10052DC92 /* ChooseScenario */,
				DC85A19028F73DC900E457F0 /* FullSentences */,
				DCED8F4228F86598009F31E3 /* SoundPractice */,
				C5D9828828F713E800E89F60 /* MultipleChoice */,
				C50B590628E587B6001D42E5 /* AppDelegate.swift */,
				C50B590828E587B6001D42E5 /* SceneDelegate.swift */,
				C50B590A28E587B6001D42E5 /* ViewController.swift */,
				C50B591228E587B7001D42E5 /* Assets.xcassets */,
				C50B591428E587B7001D42E5 /* LaunchScreen.storyboard */,
				C50B591728E587B7001D42E5 /* Info.plist */,
				C50B590F28E587B6001D42E5 /* Komka.xcdatamodeld */,
			);
			path = Komka;
			sourceTree = "<group>";
		};
		C50B591F28E587B7001D42E5 /* KomkaTests */ = {
			isa = PBXGroup;
			children = (
				C50B592028E587B7001D42E5 /* KomkaTests.swift */,
				C52AC77E29097B2D007EB788 /* ArrangeWordTestCase.swift */,
			);
			path = KomkaTests;
			sourceTree = "<group>";
		};
		C50B592928E587B7001D42E5 /* KomkaUITests */ = {
			isa = PBXGroup;
			children = (
				C50B592A28E587B7001D42E5 /* KomkaUITests.swift */,
				C50B592C28E587B7001D42E5 /* KomkaUITestsLaunchTests.swift */,
			);
			path = KomkaUITests;
			sourceTree = "<group>";
		};
		C51C4C722900253300CD2184 /* ArrangeWord */ = {
			isa = PBXGroup;
			children = (
				C52AC784290A4103007EB788 /* View */,
				C52AC783290A40EF007EB788 /* ViewModel */,
				C542E7C229080A3E0001ADD5 /* ArrangeWordDAO.swift */,
			);
			path = ArrangeWord;
			sourceTree = "<group>";
		};
		C52AC78029098079007EB788 /* Frameworks */ = {
			isa = PBXGroup;
			children = (
			);
			name = Frameworks;
			sourceTree = "<group>";
		};
		C52AC783290A40EF007EB788 /* ViewModel */ = {
			isa = PBXGroup;
			children = (
				C542E7C029080A250001ADD5 /* ArrangeWordViewModel.swift */,
			);
			path = ViewModel;
			sourceTree = "<group>";
		};
		C52AC784290A4103007EB788 /* View */ = {
			isa = PBXGroup;
			children = (
				C51C4C732900255200CD2184 /* ArrangeWordViewController.swift */,
				C5962216290051F700B98B1B /* WordSlotCollectionViewCell.swift */,
				C51C4C752900256F00CD2184 /* WordCollectionViewCell.swift */,
			);
			path = View;
			sourceTree = "<group>";
		};
		C5D9828828F713E800E89F60 /* MultipleChoice */ = {
			isa = PBXGroup;
			children = (
				DCA64B2628FFC7EC004D9D69 /* View */,
				DCA64B2728FFC7FC004D9D69 /* ViewModel */,
			);
			path = MultipleChoice;
			sourceTree = "<group>";
		};
		C5D9828928F7BDAE00E89F60 /* Models */ = {
			isa = PBXGroup;
			children = (
				C5D9828E28F7C7F500E89F60 /* Level.swift */,
				C5D9828A28F7BFDB00E89F60 /* Scenario.swift */,
				C5D9829228F7C93200E89F60 /* MultipleChoice.swift */,
				C5D9829028F7C8F200E89F60 /* Reward.swift */,
				C5D9828C28F7C5FD00E89F60 /* WordImitation.swift */,
				C5D9829628F7C98200E89F60 /* ContentAsset.swift */,
			);
			path = Models;
			sourceTree = "<group>";
		};
		DC4B745F28F5345700A9C640 /* ChooseGender */ = {
			isa = PBXGroup;
			children = (
				DC4B746228F534FC00A9C640 /* View */,
				DC4B746328F5350700A9C640 /* ViewModel */,
			);
			path = ChooseGender;
			sourceTree = "<group>";
		};
		DC4B746228F534FC00A9C640 /* View */ = {
			isa = PBXGroup;
			children = (
				DC4B746028F534CF00A9C640 /* ChooseGenderViewController.swift */,
			);
			path = View;
			sourceTree = "<group>";
		};
		DC4B746328F5350700A9C640 /* ViewModel */ = {
			isa = PBXGroup;
			children = (
				DC4B746428F5351D00A9C640 /* ChooseGenderViewModel.swift */,
			);
			path = ViewModel;
			sourceTree = "<group>";
		};
		DC4B746628F5353F00A9C640 /* Constants */ = {
			isa = PBXGroup;
			children = (
				DC4B746728F5355700A9C640 /* ScreenSizeConfiguration.swift */,
			);
			path = Constants;
			sourceTree = "<group>";
		};
		DC4B746928F5356300A9C640 /* UIView+Ext */ = {
			isa = PBXGroup;
			children = (
				DC4B746A28F5358500A9C640 /* ReusableComponent.swift */,
				DC4B746C28F5359700A9C640 /* AutoLayout.swift */,
			);
			path = "UIView+Ext";
			sourceTree = "<group>";
		};
		DC4B747528F53EAC00A9C640 /* UI */ = {
			isa = PBXGroup;
			children = (
				DC4B747228F53A5200A9C640 /* Button.swift */,
				DCED8F3E28F80C91009F31E3 /* LevelButton.swift */,
			);
			path = UI;
			sourceTree = "<group>";
		};
		DC85A19028F73DC900E457F0 /* FullSentences */ = {
			isa = PBXGroup;
			children = (
				DC85A19528F73E9600E457F0 /* View */,
			);
			path = FullSentences;
			sourceTree = "<group>";
		};
		DC85A19528F73E9600E457F0 /* View */ = {
			isa = PBXGroup;
			children = (
				DC85A19128F73DEF00E457F0 /* FullSentencesViewController.swift */,
			);
			path = View;
			sourceTree = "<group>";
		};
		DC8DFD952905749000EEEB64 /* SoundEffects */ = {
			isa = PBXGroup;
			children = (
				DC8DFD96290574A100EEEB64 /* Bubble.mp3 */,
				DC8DFDA02905921900EEEB64 /* CompletionPage.mp3 */,
				DC8DFD9A290574AE00EEEB64 /* Correct.mp3 */,
				DC8DFD9C290574B300EEEB64 /* Incorrect.mp3 */,
			);
			path = SoundEffects;
			sourceTree = "<group>";
		};
		DC8DFDA229064D0E00EEEB64 /* DAO */ = {
			isa = PBXGroup;
			children = (
				DC8DFDA52906A6E000EEEB64 /* ContentAssetDAO.swift */,
				DC8DFDA72906A9E900EEEB64 /* MultipleChoiceDAO.swift */,
			);
			path = DAO;
			sourceTree = "<group>";
		};
		DCA64B2628FFC7EC004D9D69 /* View */ = {
			isa = PBXGroup;
			children = (
				C5D9828628F713D400E89F60 /* MultipleChoiceViewController.swift */,
			);
			path = View;
			sourceTree = "<group>";
		};
		DCA64B2728FFC7FC004D9D69 /* ViewModel */ = {
			isa = PBXGroup;
			children = (
				DCA64B2828FFE8CD004D9D69 /* MultipleChoiceViewModel.swift */,
				DC3F64F729113B2B00D5152E /* MultipleChoicePart.swift */,
				DC3F64F929113B7200D5152E /* Choices.swift */,
			);
			path = ViewModel;
			sourceTree = "<group>";
		};
		DCED8F4228F86598009F31E3 /* SoundPractice */ = {
			isa = PBXGroup;
			children = (
				DCED8F4328F865A7009F31E3 /* View */,
				A9B1762228FDA25C005F2FC1 /* CircularProgressBarView.swift */,
			);
			path = SoundPractice;
			sourceTree = "<group>";
		};
		DCED8F4328F865A7009F31E3 /* View */ = {
			isa = PBXGroup;
			children = (
				DCED8F4428F865C2009F31E3 /* SoundPracticeViewController.swift */,
			);
			path = View;
			sourceTree = "<group>";
		};
		DCED8F4628F87B33009F31E3 /* Services */ = {
			isa = PBXGroup;
			children = (
				A9E9D4BA29125FE300378FA7 /* CloudKit */,
				DC85A19328F73E2B00E457F0 /* TextToSpeechService.swift */,
				A9B1761B28FD2408005F2FC1 /* CloudKitHelper.swift */,
				DCA64B2A28FFED91004D9D69 /* CKHelper.swift */,
				DC8DFD9E2905755A00EEEB64 /* SoundEffectService.swift */,
			);
			path = Services;
			sourceTree = "<group>";
		};
/* End PBXGroup section */

/* Begin PBXNativeTarget section */
		C50B590228E587B6001D42E5 /* Komka */ = {
			isa = PBXNativeTarget;
			buildConfigurationList = C50B593028E587B7001D42E5 /* Build configuration list for PBXNativeTarget "Komka" */;
			buildPhases = (
				C50B58FF28E587B6001D42E5 /* Sources */,
				C50B590028E587B6001D42E5 /* Frameworks */,
				C50B590128E587B6001D42E5 /* Resources */,
			);
			buildRules = (
			);
			dependencies = (
			);
			name = Komka;
			packageProductDependencies = (
				C542E7BC29080A130001ADD5 /* RxCocoa */,
				C542E7BE29080A130001ADD5 /* RxSwift */,
			);
			productName = Komka;
			productReference = C50B590328E587B6001D42E5 /* Komka.app */;
			productType = "com.apple.product-type.application";
		};
		C50B591B28E587B7001D42E5 /* KomkaTests */ = {
			isa = PBXNativeTarget;
			buildConfigurationList = C50B593328E587B7001D42E5 /* Build configuration list for PBXNativeTarget "KomkaTests" */;
			buildPhases = (
				C50B591828E587B7001D42E5 /* Sources */,
				C50B591928E587B7001D42E5 /* Frameworks */,
				C50B591A28E587B7001D42E5 /* Resources */,
			);
			buildRules = (
			);
			dependencies = (
				C50B591E28E587B7001D42E5 /* PBXTargetDependency */,
			);
			name = KomkaTests;
			packageProductDependencies = (
				C52AC78129098079007EB788 /* RxCocoa */,
			);
			productName = KomkaTests;
			productReference = C50B591C28E587B7001D42E5 /* KomkaTests.xctest */;
			productType = "com.apple.product-type.bundle.unit-test";
		};
		C50B592528E587B7001D42E5 /* KomkaUITests */ = {
			isa = PBXNativeTarget;
			buildConfigurationList = C50B593628E587B7001D42E5 /* Build configuration list for PBXNativeTarget "KomkaUITests" */;
			buildPhases = (
				C50B592228E587B7001D42E5 /* Sources */,
				C50B592328E587B7001D42E5 /* Frameworks */,
				C50B592428E587B7001D42E5 /* Resources */,
			);
			buildRules = (
			);
			dependencies = (
				C50B592828E587B7001D42E5 /* PBXTargetDependency */,
			);
			name = KomkaUITests;
			productName = KomkaUITests;
			productReference = C50B592628E587B7001D42E5 /* KomkaUITests.xctest */;
			productType = "com.apple.product-type.bundle.ui-testing";
		};
/* End PBXNativeTarget section */

/* Begin PBXProject section */
		C50B58FB28E587B6001D42E5 /* Project object */ = {
			isa = PBXProject;
			attributes = {
				BuildIndependentTargetsInParallel = 1;
				LastSwiftUpdateCheck = 1400;
				LastUpgradeCheck = 1400;
				TargetAttributes = {
					C50B590228E587B6001D42E5 = {
						CreatedOnToolsVersion = 14.0;
					};
					C50B591B28E587B7001D42E5 = {
						CreatedOnToolsVersion = 14.0;
						TestTargetID = C50B590228E587B6001D42E5;
					};
					C50B592528E587B7001D42E5 = {
						CreatedOnToolsVersion = 14.0;
						TestTargetID = C50B590228E587B6001D42E5;
					};
				};
			};
			buildConfigurationList = C50B58FE28E587B6001D42E5 /* Build configuration list for PBXProject "Komka" */;
			compatibilityVersion = "Xcode 14.0";
			developmentRegion = en;
			hasScannedForEncodings = 0;
			knownRegions = (
				en,
				Base,
			);
			mainGroup = C50B58FA28E587B6001D42E5;
			packageReferences = (
				C542E7BB29080A130001ADD5 /* XCRemoteSwiftPackageReference "RxSwift" */,
			);
			productRefGroup = C50B590428E587B6001D42E5 /* Products */;
			projectDirPath = "";
			projectRoot = "";
			targets = (
				C50B590228E587B6001D42E5 /* Komka */,
				C50B591B28E587B7001D42E5 /* KomkaTests */,
				C50B592528E587B7001D42E5 /* KomkaUITests */,
			);
		};
/* End PBXProject section */

/* Begin PBXResourcesBuildPhase section */
		C50B590128E587B6001D42E5 /* Resources */ = {
			isa = PBXResourcesBuildPhase;
			buildActionMask = 2147483647;
			files = (
				DC8DFD97290574A100EEEB64 /* Bubble.mp3 in Resources */,
				DC8DFD9B290574AE00EEEB64 /* Correct.mp3 in Resources */,
				A993D81828EB16640052DC92 /* Baloo2-VariableFont_wght.ttf in Resources */,
				C50B591628E587B7001D42E5 /* LaunchScreen.storyboard in Resources */,
				DC8DFDA12905921900EEEB64 /* CompletionPage.mp3 in Resources */,
				DC8DFD9D290574B300EEEB64 /* Incorrect.mp3 in Resources */,
				C50B591328E587B7001D42E5 /* Assets.xcassets in Resources */,
			);
			runOnlyForDeploymentPostprocessing = 0;
		};
		C50B591A28E587B7001D42E5 /* Resources */ = {
			isa = PBXResourcesBuildPhase;
			buildActionMask = 2147483647;
			files = (
			);
			runOnlyForDeploymentPostprocessing = 0;
		};
		C50B592428E587B7001D42E5 /* Resources */ = {
			isa = PBXResourcesBuildPhase;
			buildActionMask = 2147483647;
			files = (
			);
			runOnlyForDeploymentPostprocessing = 0;
		};
/* End PBXResourcesBuildPhase section */

/* Begin PBXSourcesBuildPhase section */
		C50B58FF28E587B6001D42E5 /* Sources */ = {
			isa = PBXSourcesBuildPhase;
			buildActionMask = 2147483647;
			files = (
				DC4B746B28F5358500A9C640 /* ReusableComponent.swift in Sources */,
				DC4B746128F534CF00A9C640 /* ChooseGenderViewController.swift in Sources */,
				A993D82428EC68990052DC92 /* ChooseScenarioController.swift in Sources */,
				A9B1762328FDA25C005F2FC1 /* CircularProgressBarView.swift in Sources */,
				A9E9D4B829125FDB00378FA7 /* AssetStepType.swift in Sources */,
				A993D82828EC7C870052DC92 /* ScenarioCell.swift in Sources */,
				DCED8F3F28F80C91009F31E3 /* LevelButton.swift in Sources */,
				C5336BD628F8665000AC24A9 /* UIImageView+Ext.swift in Sources */,
				A993D81E28EB17300052DC92 /* UIFont+Ext.swift in Sources */,
				DC85A19428F73E2B00E457F0 /* TextToSpeechService.swift in Sources */,
				C5962217290051F700B98B1B /* WordSlotCollectionViewCell.swift in Sources */,
				A993D81E28EB17300052DC92 /* UIFont+Ext.swift in Sources */,
				C542E7C129080A250001ADD5 /* ArrangeWordViewModel.swift in Sources */,
				DC3F64F829113B2B00D5152E /* MultipleChoicePart.swift in Sources */,
				C5336BD628F8665000AC24A9 /* UIImageView+Ext.swift in Sources */,
				A993D81E28EB17300052DC92 /* UIFont+Ext.swift in Sources */,
				C5D9828D28F7C5FD00E89F60 /* WordImitation.swift in Sources */,
				DCA64B2B28FFED91004D9D69 /* CKHelper.swift in Sources */,
				C50B590B28E587B6001D42E5 /* ViewController.swift in Sources */,
				DCA64B2928FFE8CD004D9D69 /* MultipleChoiceViewModel.swift in Sources */,
				DC85A19228F73DEF00E457F0 /* FullSentencesViewController.swift in Sources */,
				A979929629066E5C00CDD27C /* ScenarioDAO.swift in Sources */,
				A993D81E28EB17300052DC92 /* UIFont+Ext.swift in Sources */,
				DC3F64FA29113B7200D5152E /* Choices.swift in Sources */,
				DC8DFD9F2905755A00EEEB64 /* SoundEffectService.swift in Sources */,
				C5D9828D28F7C5FD00E89F60 /* WordImitation.swift in Sources */,
				C50B590B28E587B6001D42E5 /* ViewController.swift in Sources */,
				DC4B746D28F5359700A9C640 /* AutoLayout.swift in Sources */,
				A9B1761E28FD3667005F2FC1 /* UIImage+Ext.swift in Sources */,
				DC4B746828F5355700A9C640 /* ScreenSizeConfiguration.swift in Sources */,
				DC8DFDA62906A6E000EEEB64 /* ContentAssetDAO.swift in Sources */,
				DC4B746528F5351D00A9C640 /* ChooseGenderViewModel.swift in Sources */,
				DCED8F4128F85BF8009F31E3 /* UIImageView+Ext.swift in Sources */,
				DC4B747428F53A5200A9C640 /* Button.swift in Sources */,
				C50B591128E587B6001D42E5 /* Komka.xcdatamodeld in Sources */,
				DCED8F4528F865C2009F31E3 /* SoundPracticeViewController.swift in Sources */,
				C5D9828F28F7C7F500E89F60 /* Level.swift in Sources */,
				C5D9829728F7C98200E89F60 /* ContentAsset.swift in Sources */,
				A9E9D4B929125FDB00378FA7 /* RecordType.swift in Sources */,
				C5D9829128F7C8F200E89F60 /* Reward.swift in Sources */,
				DC8DFDA82906A9E900EEEB64 /* MultipleChoiceDAO.swift in Sources */,
				C5D9829328F7C93200E89F60 /* MultipleChoice.swift in Sources */,
				C542E7C329080A3E0001ADD5 /* ArrangeWordDAO.swift in Sources */,
				DC3F64F62911332E00D5152E /* UILabel+Ext.swift in Sources */,
				C50B590728E587B6001D42E5 /* AppDelegate.swift in Sources */,
				A9B1761C28FD2408005F2FC1 /* CloudKitHelper.swift in Sources */,
				A96B643728F5BC9800E23BB2 /* ChooseScenarioViewModel.swift in Sources */,
				DC4B746F28F535FF00A9C640 /* NSUbiquitousKeyValueStore+Ext.swift in Sources */,
				C5D9828B28F7BFDB00E89F60 /* Scenario.swift in Sources */,
				C50B590928E587B6001D42E5 /* SceneDelegate.swift in Sources */,
				C51C4C762900256F00CD2184 /* WordCollectionViewCell.swift in Sources */,
				C5082142290FCEAA009A645B /* UIColor+Ext.swift in Sources */,
				C50821442910036D009A645B /* FetchError.swift in Sources */,
				C5D9828728F713D400E89F60 /* MultipleChoiceViewController.swift in Sources */,
				C51C4C742900255200CD2184 /* ArrangeWordViewController.swift in Sources */,
			);
			runOnlyForDeploymentPostprocessing = 0;
		};
		C50B591828E587B7001D42E5 /* Sources */ = {
			isa = PBXSourcesBuildPhase;
			buildActionMask = 2147483647;
			files = (
				C52AC77F29097B2D007EB788 /* ArrangeWordTestCase.swift in Sources */,
				C50B592128E587B7001D42E5 /* KomkaTests.swift in Sources */,
			);
			runOnlyForDeploymentPostprocessing = 0;
		};
		C50B592228E587B7001D42E5 /* Sources */ = {
			isa = PBXSourcesBuildPhase;
			buildActionMask = 2147483647;
			files = (
				C50B592D28E587B7001D42E5 /* KomkaUITestsLaunchTests.swift in Sources */,
				C50B592B28E587B7001D42E5 /* KomkaUITests.swift in Sources */,
			);
			runOnlyForDeploymentPostprocessing = 0;
		};
/* End PBXSourcesBuildPhase section */

/* Begin PBXTargetDependency section */
		C50B591E28E587B7001D42E5 /* PBXTargetDependency */ = {
			isa = PBXTargetDependency;
			target = C50B590228E587B6001D42E5 /* Komka */;
			targetProxy = C50B591D28E587B7001D42E5 /* PBXContainerItemProxy */;
		};
		C50B592828E587B7001D42E5 /* PBXTargetDependency */ = {
			isa = PBXTargetDependency;
			target = C50B590228E587B6001D42E5 /* Komka */;
			targetProxy = C50B592728E587B7001D42E5 /* PBXContainerItemProxy */;
		};
/* End PBXTargetDependency section */

/* Begin PBXVariantGroup section */
		C50B591428E587B7001D42E5 /* LaunchScreen.storyboard */ = {
			isa = PBXVariantGroup;
			children = (
				C50B591528E587B7001D42E5 /* Base */,
			);
			name = LaunchScreen.storyboard;
			sourceTree = "<group>";
		};
/* End PBXVariantGroup section */

/* Begin XCBuildConfiguration section */
		C50B592E28E587B7001D42E5 /* Debug */ = {
			isa = XCBuildConfiguration;
			buildSettings = {
				ALWAYS_SEARCH_USER_PATHS = NO;
				CLANG_ANALYZER_NONNULL = YES;
				CLANG_ANALYZER_NUMBER_OBJECT_CONVERSION = YES_AGGRESSIVE;
				CLANG_CXX_LANGUAGE_STANDARD = "gnu++20";
				CLANG_ENABLE_MODULES = YES;
				CLANG_ENABLE_OBJC_ARC = YES;
				CLANG_ENABLE_OBJC_WEAK = YES;
				CLANG_WARN_BLOCK_CAPTURE_AUTORELEASING = YES;
				CLANG_WARN_BOOL_CONVERSION = YES;
				CLANG_WARN_COMMA = YES;
				CLANG_WARN_CONSTANT_CONVERSION = YES;
				CLANG_WARN_DEPRECATED_OBJC_IMPLEMENTATIONS = YES;
				CLANG_WARN_DIRECT_OBJC_ISA_USAGE = YES_ERROR;
				CLANG_WARN_DOCUMENTATION_COMMENTS = YES;
				CLANG_WARN_EMPTY_BODY = YES;
				CLANG_WARN_ENUM_CONVERSION = YES;
				CLANG_WARN_INFINITE_RECURSION = YES;
				CLANG_WARN_INT_CONVERSION = YES;
				CLANG_WARN_NON_LITERAL_NULL_CONVERSION = YES;
				CLANG_WARN_OBJC_IMPLICIT_RETAIN_SELF = YES;
				CLANG_WARN_OBJC_LITERAL_CONVERSION = YES;
				CLANG_WARN_OBJC_ROOT_CLASS = YES_ERROR;
				CLANG_WARN_QUOTED_INCLUDE_IN_FRAMEWORK_HEADER = YES;
				CLANG_WARN_RANGE_LOOP_ANALYSIS = YES;
				CLANG_WARN_STRICT_PROTOTYPES = YES;
				CLANG_WARN_SUSPICIOUS_MOVE = YES;
				CLANG_WARN_UNGUARDED_AVAILABILITY = YES_AGGRESSIVE;
				CLANG_WARN_UNREACHABLE_CODE = YES;
				CLANG_WARN__DUPLICATE_METHOD_MATCH = YES;
				COPY_PHASE_STRIP = NO;
				DEBUG_INFORMATION_FORMAT = dwarf;
				ENABLE_STRICT_OBJC_MSGSEND = YES;
				ENABLE_TESTABILITY = YES;
				GCC_C_LANGUAGE_STANDARD = gnu11;
				GCC_DYNAMIC_NO_PIC = NO;
				GCC_NO_COMMON_BLOCKS = YES;
				GCC_OPTIMIZATION_LEVEL = 0;
				GCC_PREPROCESSOR_DEFINITIONS = (
					"DEBUG=1",
					"$(inherited)",
				);
				GCC_WARN_64_TO_32_BIT_CONVERSION = YES;
				GCC_WARN_ABOUT_RETURN_TYPE = YES_ERROR;
				GCC_WARN_UNDECLARED_SELECTOR = YES;
				GCC_WARN_UNINITIALIZED_AUTOS = YES_AGGRESSIVE;
				GCC_WARN_UNUSED_FUNCTION = YES;
				GCC_WARN_UNUSED_VARIABLE = YES;
				IPHONEOS_DEPLOYMENT_TARGET = 16.0;
				MTL_ENABLE_DEBUG_INFO = INCLUDE_SOURCE;
				MTL_FAST_MATH = YES;
				ONLY_ACTIVE_ARCH = YES;
				SDKROOT = iphoneos;
				SWIFT_ACTIVE_COMPILATION_CONDITIONS = DEBUG;
				SWIFT_OPTIMIZATION_LEVEL = "-Onone";
			};
			name = Debug;
		};
		C50B592F28E587B7001D42E5 /* Release */ = {
			isa = XCBuildConfiguration;
			buildSettings = {
				ALWAYS_SEARCH_USER_PATHS = NO;
				CLANG_ANALYZER_NONNULL = YES;
				CLANG_ANALYZER_NUMBER_OBJECT_CONVERSION = YES_AGGRESSIVE;
				CLANG_CXX_LANGUAGE_STANDARD = "gnu++20";
				CLANG_ENABLE_MODULES = YES;
				CLANG_ENABLE_OBJC_ARC = YES;
				CLANG_ENABLE_OBJC_WEAK = YES;
				CLANG_WARN_BLOCK_CAPTURE_AUTORELEASING = YES;
				CLANG_WARN_BOOL_CONVERSION = YES;
				CLANG_WARN_COMMA = YES;
				CLANG_WARN_CONSTANT_CONVERSION = YES;
				CLANG_WARN_DEPRECATED_OBJC_IMPLEMENTATIONS = YES;
				CLANG_WARN_DIRECT_OBJC_ISA_USAGE = YES_ERROR;
				CLANG_WARN_DOCUMENTATION_COMMENTS = YES;
				CLANG_WARN_EMPTY_BODY = YES;
				CLANG_WARN_ENUM_CONVERSION = YES;
				CLANG_WARN_INFINITE_RECURSION = YES;
				CLANG_WARN_INT_CONVERSION = YES;
				CLANG_WARN_NON_LITERAL_NULL_CONVERSION = YES;
				CLANG_WARN_OBJC_IMPLICIT_RETAIN_SELF = YES;
				CLANG_WARN_OBJC_LITERAL_CONVERSION = YES;
				CLANG_WARN_OBJC_ROOT_CLASS = YES_ERROR;
				CLANG_WARN_QUOTED_INCLUDE_IN_FRAMEWORK_HEADER = YES;
				CLANG_WARN_RANGE_LOOP_ANALYSIS = YES;
				CLANG_WARN_STRICT_PROTOTYPES = YES;
				CLANG_WARN_SUSPICIOUS_MOVE = YES;
				CLANG_WARN_UNGUARDED_AVAILABILITY = YES_AGGRESSIVE;
				CLANG_WARN_UNREACHABLE_CODE = YES;
				CLANG_WARN__DUPLICATE_METHOD_MATCH = YES;
				COPY_PHASE_STRIP = NO;
				DEBUG_INFORMATION_FORMAT = "dwarf-with-dsym";
				ENABLE_NS_ASSERTIONS = NO;
				ENABLE_STRICT_OBJC_MSGSEND = YES;
				GCC_C_LANGUAGE_STANDARD = gnu11;
				GCC_NO_COMMON_BLOCKS = YES;
				GCC_WARN_64_TO_32_BIT_CONVERSION = YES;
				GCC_WARN_ABOUT_RETURN_TYPE = YES_ERROR;
				GCC_WARN_UNDECLARED_SELECTOR = YES;
				GCC_WARN_UNINITIALIZED_AUTOS = YES_AGGRESSIVE;
				GCC_WARN_UNUSED_FUNCTION = YES;
				GCC_WARN_UNUSED_VARIABLE = YES;
				IPHONEOS_DEPLOYMENT_TARGET = 16.0;
				MTL_ENABLE_DEBUG_INFO = NO;
				MTL_FAST_MATH = YES;
				SDKROOT = iphoneos;
				SWIFT_COMPILATION_MODE = wholemodule;
				SWIFT_OPTIMIZATION_LEVEL = "-O";
				VALIDATE_PRODUCT = YES;
			};
			name = Release;
		};
		C50B593128E587B7001D42E5 /* Debug */ = {
			isa = XCBuildConfiguration;
			buildSettings = {
				ASSETCATALOG_COMPILER_APPICON_NAME = AppIcon;
				ASSETCATALOG_COMPILER_GLOBAL_ACCENT_COLOR_NAME = AccentColor;
				CODE_SIGN_ENTITLEMENTS = Komka/Komka.entitlements;
				"CODE_SIGN_IDENTITY[sdk=iphoneos*]" = "iPhone Developer";
				CODE_SIGN_STYLE = Manual;
				CURRENT_PROJECT_VERSION = 1;
				DEVELOPMENT_TEAM = "";
				"DEVELOPMENT_TEAM[sdk=iphoneos*]" = L2V23RWBGR;
				GENERATE_INFOPLIST_FILE = YES;
				INFOPLIST_FILE = Komka/Info.plist;
				INFOPLIST_KEY_UIApplicationSupportsIndirectInputEvents = YES;
				INFOPLIST_KEY_UILaunchStoryboardName = LaunchScreen;
				INFOPLIST_KEY_UIStatusBarStyle = "";
				INFOPLIST_KEY_UISupportedInterfaceOrientations = "UIInterfaceOrientationLandscapeLeft UIInterfaceOrientationLandscapeRight UIInterfaceOrientationPortrait";
				INFOPLIST_KEY_UISupportedInterfaceOrientations_iPad = "UIInterfaceOrientationLandscapeLeft UIInterfaceOrientationLandscapeRight";
				INFOPLIST_KEY_UIUserInterfaceStyle = Light;
				IPHONEOS_DEPLOYMENT_TARGET = 15.5;
				LD_RUNPATH_SEARCH_PATHS = (
					"$(inherited)",
					"@executable_path/Frameworks",
				);
				MARKETING_VERSION = 1.0;
				PRODUCT_BUNDLE_IDENTIFIER = com.macro.Komka;
				PRODUCT_NAME = "$(TARGET_NAME)";
				PROVISIONING_PROFILE_SPECIFIER = "";
				"PROVISIONING_PROFILE_SPECIFIER[sdk=iphoneos*]" = ProvisioningProfileMina;
				SWIFT_EMIT_LOC_STRINGS = YES;
				SWIFT_VERSION = 5.0;
				TARGETED_DEVICE_FAMILY = "1,2";
			};
			name = Debug;
		};
		C50B593228E587B7001D42E5 /* Release */ = {
			isa = XCBuildConfiguration;
			buildSettings = {
				ASSETCATALOG_COMPILER_APPICON_NAME = AppIcon;
				ASSETCATALOG_COMPILER_GLOBAL_ACCENT_COLOR_NAME = AccentColor;
				CODE_SIGN_ENTITLEMENTS = Komka/Komka.entitlements;
				"CODE_SIGN_IDENTITY[sdk=iphoneos*]" = "iPhone Developer";
				CODE_SIGN_STYLE = Manual;
				CURRENT_PROJECT_VERSION = 1;
				DEVELOPMENT_TEAM = "";
				"DEVELOPMENT_TEAM[sdk=iphoneos*]" = L2V23RWBGR;
				GENERATE_INFOPLIST_FILE = YES;
				INFOPLIST_FILE = Komka/Info.plist;
				INFOPLIST_KEY_UIApplicationSupportsIndirectInputEvents = YES;
				INFOPLIST_KEY_UILaunchStoryboardName = LaunchScreen;
				INFOPLIST_KEY_UIStatusBarStyle = "";
				INFOPLIST_KEY_UISupportedInterfaceOrientations = "UIInterfaceOrientationLandscapeLeft UIInterfaceOrientationLandscapeRight UIInterfaceOrientationPortrait";
				INFOPLIST_KEY_UISupportedInterfaceOrientations_iPad = "UIInterfaceOrientationLandscapeLeft UIInterfaceOrientationLandscapeRight";
				INFOPLIST_KEY_UIUserInterfaceStyle = Light;
				IPHONEOS_DEPLOYMENT_TARGET = 15.5;
				LD_RUNPATH_SEARCH_PATHS = (
					"$(inherited)",
					"@executable_path/Frameworks",
				);
				MARKETING_VERSION = 1.0;
				PRODUCT_BUNDLE_IDENTIFIER = com.macro.Komka;
				PRODUCT_NAME = "$(TARGET_NAME)";
				PROVISIONING_PROFILE_SPECIFIER = "";
				"PROVISIONING_PROFILE_SPECIFIER[sdk=iphoneos*]" = ProvisioningProfileMina;
				SWIFT_EMIT_LOC_STRINGS = YES;
				SWIFT_VERSION = 5.0;
				TARGETED_DEVICE_FAMILY = "1,2";
			};
			name = Release;
		};
		C50B593428E587B7001D42E5 /* Debug */ = {
			isa = XCBuildConfiguration;
			buildSettings = {
				ALWAYS_EMBED_SWIFT_STANDARD_LIBRARIES = YES;
				BUNDLE_LOADER = "$(TEST_HOST)";
				CODE_SIGN_STYLE = Automatic;
				CURRENT_PROJECT_VERSION = 1;
				DEVELOPMENT_TEAM = L2V23RWBGR;
				GENERATE_INFOPLIST_FILE = YES;
				IPHONEOS_DEPLOYMENT_TARGET = 16.0;
				MARKETING_VERSION = 1.0;
				PRODUCT_BUNDLE_IDENTIFIER = com.macro.KomkaTests;
				PRODUCT_NAME = "$(TARGET_NAME)";
				SWIFT_EMIT_LOC_STRINGS = NO;
				SWIFT_VERSION = 5.0;
				TARGETED_DEVICE_FAMILY = "1,2";
				TEST_HOST = "$(BUILT_PRODUCTS_DIR)/Komka.app/$(BUNDLE_EXECUTABLE_FOLDER_PATH)/Komka";
			};
			name = Debug;
		};
		C50B593528E587B7001D42E5 /* Release */ = {
			isa = XCBuildConfiguration;
			buildSettings = {
				ALWAYS_EMBED_SWIFT_STANDARD_LIBRARIES = YES;
				BUNDLE_LOADER = "$(TEST_HOST)";
				CODE_SIGN_STYLE = Automatic;
				CURRENT_PROJECT_VERSION = 1;
				DEVELOPMENT_TEAM = L2V23RWBGR;
				GENERATE_INFOPLIST_FILE = YES;
				IPHONEOS_DEPLOYMENT_TARGET = 16.0;
				MARKETING_VERSION = 1.0;
				PRODUCT_BUNDLE_IDENTIFIER = com.macro.KomkaTests;
				PRODUCT_NAME = "$(TARGET_NAME)";
				SWIFT_EMIT_LOC_STRINGS = NO;
				SWIFT_VERSION = 5.0;
				TARGETED_DEVICE_FAMILY = "1,2";
				TEST_HOST = "$(BUILT_PRODUCTS_DIR)/Komka.app/$(BUNDLE_EXECUTABLE_FOLDER_PATH)/Komka";
			};
			name = Release;
		};
		C50B593728E587B7001D42E5 /* Debug */ = {
			isa = XCBuildConfiguration;
			buildSettings = {
				ALWAYS_EMBED_SWIFT_STANDARD_LIBRARIES = YES;
				CODE_SIGN_STYLE = Automatic;
				CURRENT_PROJECT_VERSION = 1;
				DEVELOPMENT_TEAM = L2V23RWBGR;
				GENERATE_INFOPLIST_FILE = YES;
				MARKETING_VERSION = 1.0;
				PRODUCT_BUNDLE_IDENTIFIER = com.macro.KomkaUITests;
				PRODUCT_NAME = "$(TARGET_NAME)";
				SWIFT_EMIT_LOC_STRINGS = NO;
				SWIFT_VERSION = 5.0;
				TARGETED_DEVICE_FAMILY = "1,2";
				TEST_TARGET_NAME = Komka;
			};
			name = Debug;
		};
		C50B593828E587B7001D42E5 /* Release */ = {
			isa = XCBuildConfiguration;
			buildSettings = {
				ALWAYS_EMBED_SWIFT_STANDARD_LIBRARIES = YES;
				CODE_SIGN_STYLE = Automatic;
				CURRENT_PROJECT_VERSION = 1;
				DEVELOPMENT_TEAM = L2V23RWBGR;
				GENERATE_INFOPLIST_FILE = YES;
				MARKETING_VERSION = 1.0;
				PRODUCT_BUNDLE_IDENTIFIER = com.macro.KomkaUITests;
				PRODUCT_NAME = "$(TARGET_NAME)";
				SWIFT_EMIT_LOC_STRINGS = NO;
				SWIFT_VERSION = 5.0;
				TARGETED_DEVICE_FAMILY = "1,2";
				TEST_TARGET_NAME = Komka;
			};
			name = Release;
		};
/* End XCBuildConfiguration section */

/* Begin XCConfigurationList section */
		C50B58FE28E587B6001D42E5 /* Build configuration list for PBXProject "Komka" */ = {
			isa = XCConfigurationList;
			buildConfigurations = (
				C50B592E28E587B7001D42E5 /* Debug */,
				C50B592F28E587B7001D42E5 /* Release */,
			);
			defaultConfigurationIsVisible = 0;
			defaultConfigurationName = Release;
		};
		C50B593028E587B7001D42E5 /* Build configuration list for PBXNativeTarget "Komka" */ = {
			isa = XCConfigurationList;
			buildConfigurations = (
				C50B593128E587B7001D42E5 /* Debug */,
				C50B593228E587B7001D42E5 /* Release */,
			);
			defaultConfigurationIsVisible = 0;
			defaultConfigurationName = Release;
		};
		C50B593328E587B7001D42E5 /* Build configuration list for PBXNativeTarget "KomkaTests" */ = {
			isa = XCConfigurationList;
			buildConfigurations = (
				C50B593428E587B7001D42E5 /* Debug */,
				C50B593528E587B7001D42E5 /* Release */,
			);
			defaultConfigurationIsVisible = 0;
			defaultConfigurationName = Release;
		};
		C50B593628E587B7001D42E5 /* Build configuration list for PBXNativeTarget "KomkaUITests" */ = {
			isa = XCConfigurationList;
			buildConfigurations = (
				C50B593728E587B7001D42E5 /* Debug */,
				C50B593828E587B7001D42E5 /* Release */,
			);
			defaultConfigurationIsVisible = 0;
			defaultConfigurationName = Release;
		};
/* End XCConfigurationList section */

/* Begin XCRemoteSwiftPackageReference section */
		C542E7BB29080A130001ADD5 /* XCRemoteSwiftPackageReference "RxSwift" */ = {
			isa = XCRemoteSwiftPackageReference;
			repositoryURL = "https://github.com/ReactiveX/RxSwift.git";
			requirement = {
				kind = upToNextMajorVersion;
				minimumVersion = 6.5.0;
			};
		};
/* End XCRemoteSwiftPackageReference section */

/* Begin XCSwiftPackageProductDependency section */
		C52AC78129098079007EB788 /* RxCocoa */ = {
			isa = XCSwiftPackageProductDependency;
			package = C542E7BB29080A130001ADD5 /* XCRemoteSwiftPackageReference "RxSwift" */;
			productName = RxCocoa;
		};
		C542E7BC29080A130001ADD5 /* RxCocoa */ = {
			isa = XCSwiftPackageProductDependency;
			package = C542E7BB29080A130001ADD5 /* XCRemoteSwiftPackageReference "RxSwift" */;
			productName = RxCocoa;
		};
		C542E7BE29080A130001ADD5 /* RxSwift */ = {
			isa = XCSwiftPackageProductDependency;
			package = C542E7BB29080A130001ADD5 /* XCRemoteSwiftPackageReference "RxSwift" */;
			productName = RxSwift;
		};
/* End XCSwiftPackageProductDependency section */

/* Begin XCVersionGroup section */
		C50B590F28E587B6001D42E5 /* Komka.xcdatamodeld */ = {
			isa = XCVersionGroup;
			children = (
				C50B591028E587B6001D42E5 /* Komka.xcdatamodel */,
			);
			currentVersion = C50B591028E587B6001D42E5 /* Komka.xcdatamodel */;
			path = Komka.xcdatamodeld;
			sourceTree = "<group>";
			versionGroupType = wrapper.xcdatamodel;
		};
/* End XCVersionGroup section */
	};
	rootObject = C50B58FB28E587B6001D42E5 /* Project object */;
}
