// !$*UTF8*$!
{
	archiveVersion = 1;
	classes = {
	};
	objectVersion = 56;
	objects = {

/* Begin PBXBuildFile section */
		A96B643728F5BC9800E23BB2 /* ChooseScenarioViewModel.swift in Sources */ = {isa = PBXBuildFile; fileRef = A96B643628F5BC9800E23BB2 /* ChooseScenarioViewModel.swift */; };
		A96B644328F7D14400E23BB2 /* MultipleChoice.swift in Sources */ = {isa = PBXBuildFile; fileRef = A96B643C28F7D14400E23BB2 /* MultipleChoice.swift */; };
		A96B644428F7D14400E23BB2 /* Reward.swift in Sources */ = {isa = PBXBuildFile; fileRef = A96B643D28F7D14400E23BB2 /* Reward.swift */; };
		A96B644528F7D14400E23BB2 /* WordImitation.swift in Sources */ = {isa = PBXBuildFile; fileRef = A96B643E28F7D14400E23BB2 /* WordImitation.swift */; };
		A96B644628F7D14400E23BB2 /* Asset.swift in Sources */ = {isa = PBXBuildFile; fileRef = A96B643F28F7D14400E23BB2 /* Asset.swift */; };
		A96B644728F7D14400E23BB2 /* Scenario.swift in Sources */ = {isa = PBXBuildFile; fileRef = A96B644028F7D14400E23BB2 /* Scenario.swift */; };
		A96B644828F7D14400E23BB2 /* Level.swift in Sources */ = {isa = PBXBuildFile; fileRef = A96B644128F7D14400E23BB2 /* Level.swift */; };
		A96B644928F7D14400E23BB2 /* Choice.swift in Sources */ = {isa = PBXBuildFile; fileRef = A96B644228F7D14400E23BB2 /* Choice.swift */; };
		A993D81828EB16640052DC92 /* Baloo2-VariableFont_wght.ttf in Resources */ = {isa = PBXBuildFile; fileRef = A993D81728EB16640052DC92 /* Baloo2-VariableFont_wght.ttf */; };
		A993D81E28EB17300052DC92 /* UIFont+Ext.swift in Sources */ = {isa = PBXBuildFile; fileRef = A993D81D28EB17300052DC92 /* UIFont+Ext.swift */; };
		A993D82428EC68990052DC92 /* ChooseScenarioController.swift in Sources */ = {isa = PBXBuildFile; fileRef = A993D82328EC68990052DC92 /* ChooseScenarioController.swift */; };
		A993D82828EC7C870052DC92 /* ScenarioCell.swift in Sources */ = {isa = PBXBuildFile; fileRef = A993D82728EC7C870052DC92 /* ScenarioCell.swift */; };
		A9B1761C28FD2408005F2FC1 /* CloudKitHelper.swift in Sources */ = {isa = PBXBuildFile; fileRef = A9B1761B28FD2408005F2FC1 /* CloudKitHelper.swift */; };
		A9B1761E28FD3667005F2FC1 /* UIImage+Ext.swift in Sources */ = {isa = PBXBuildFile; fileRef = A9B1761D28FD3667005F2FC1 /* UIImage+Ext.swift */; };
		C50B590728E587B6001D42E5 /* AppDelegate.swift in Sources */ = {isa = PBXBuildFile; fileRef = C50B590628E587B6001D42E5 /* AppDelegate.swift */; };
		C50B590928E587B6001D42E5 /* SceneDelegate.swift in Sources */ = {isa = PBXBuildFile; fileRef = C50B590828E587B6001D42E5 /* SceneDelegate.swift */; };
		C50B590B28E587B6001D42E5 /* ViewController.swift in Sources */ = {isa = PBXBuildFile; fileRef = C50B590A28E587B6001D42E5 /* ViewController.swift */; };
		C50B591128E587B6001D42E5 /* Komka.xcdatamodeld in Sources */ = {isa = PBXBuildFile; fileRef = C50B590F28E587B6001D42E5 /* Komka.xcdatamodeld */; };
		C50B591328E587B7001D42E5 /* Assets.xcassets in Resources */ = {isa = PBXBuildFile; fileRef = C50B591228E587B7001D42E5 /* Assets.xcassets */; };
		C50B591628E587B7001D42E5 /* LaunchScreen.storyboard in Resources */ = {isa = PBXBuildFile; fileRef = C50B591428E587B7001D42E5 /* LaunchScreen.storyboard */; };
		C50B592128E587B7001D42E5 /* KomkaTests.swift in Sources */ = {isa = PBXBuildFile; fileRef = C50B592028E587B7001D42E5 /* KomkaTests.swift */; };
		C50B592B28E587B7001D42E5 /* KomkaUITests.swift in Sources */ = {isa = PBXBuildFile; fileRef = C50B592A28E587B7001D42E5 /* KomkaUITests.swift */; };
		C50B592D28E587B7001D42E5 /* KomkaUITestsLaunchTests.swift in Sources */ = {isa = PBXBuildFile; fileRef = C50B592C28E587B7001D42E5 /* KomkaUITestsLaunchTests.swift */; };
		DC4B746128F534CF00A9C640 /* ChooseGenderViewController.swift in Sources */ = {isa = PBXBuildFile; fileRef = DC4B746028F534CF00A9C640 /* ChooseGenderViewController.swift */; };
		DC4B746528F5351D00A9C640 /* ChooseGenderViewModel.swift in Sources */ = {isa = PBXBuildFile; fileRef = DC4B746428F5351D00A9C640 /* ChooseGenderViewModel.swift */; };
		DC4B746828F5355700A9C640 /* ScreenSizeConfiguration.swift in Sources */ = {isa = PBXBuildFile; fileRef = DC4B746728F5355700A9C640 /* ScreenSizeConfiguration.swift */; };
		DC4B746B28F5358500A9C640 /* ReusableComponent.swift in Sources */ = {isa = PBXBuildFile; fileRef = DC4B746A28F5358500A9C640 /* ReusableComponent.swift */; };
		DC4B746D28F5359700A9C640 /* AutoLayout.swift in Sources */ = {isa = PBXBuildFile; fileRef = DC4B746C28F5359700A9C640 /* AutoLayout.swift */; };
		DC4B746F28F535FF00A9C640 /* NSUbiquitousKeyValueStore+Ext.swift in Sources */ = {isa = PBXBuildFile; fileRef = DC4B746E28F535FF00A9C640 /* NSUbiquitousKeyValueStore+Ext.swift */; };
		DC4B747428F53A5200A9C640 /* Button.swift in Sources */ = {isa = PBXBuildFile; fileRef = DC4B747228F53A5200A9C640 /* Button.swift */; };
/* End PBXBuildFile section */

/* Begin PBXContainerItemProxy section */
		C50B591D28E587B7001D42E5 /* PBXContainerItemProxy */ = {
			isa = PBXContainerItemProxy;
			containerPortal = C50B58FB28E587B6001D42E5 /* Project object */;
			proxyType = 1;
			remoteGlobalIDString = C50B590228E587B6001D42E5;
			remoteInfo = Komka;
		};
		C50B592728E587B7001D42E5 /* PBXContainerItemProxy */ = {
			isa = PBXContainerItemProxy;
			containerPortal = C50B58FB28E587B6001D42E5 /* Project object */;
			proxyType = 1;
			remoteGlobalIDString = C50B590228E587B6001D42E5;
			remoteInfo = Komka;
		};
/* End PBXContainerItemProxy section */

/* Begin PBXFileReference section */
		A96B643628F5BC9800E23BB2 /* ChooseScenarioViewModel.swift */ = {isa = PBXFileReference; lastKnownFileType = sourcecode.swift; path = ChooseScenarioViewModel.swift; sourceTree = "<group>"; };
		A96B643C28F7D14400E23BB2 /* MultipleChoice.swift */ = {isa = PBXFileReference; fileEncoding = 4; lastKnownFileType = sourcecode.swift; path = MultipleChoice.swift; sourceTree = "<group>"; };
		A96B643D28F7D14400E23BB2 /* Reward.swift */ = {isa = PBXFileReference; fileEncoding = 4; lastKnownFileType = sourcecode.swift; path = Reward.swift; sourceTree = "<group>"; };
		A96B643E28F7D14400E23BB2 /* WordImitation.swift */ = {isa = PBXFileReference; fileEncoding = 4; lastKnownFileType = sourcecode.swift; path = WordImitation.swift; sourceTree = "<group>"; };
		A96B643F28F7D14400E23BB2 /* Asset.swift */ = {isa = PBXFileReference; fileEncoding = 4; lastKnownFileType = sourcecode.swift; path = Asset.swift; sourceTree = "<group>"; };
		A96B644028F7D14400E23BB2 /* Scenario.swift */ = {isa = PBXFileReference; fileEncoding = 4; lastKnownFileType = sourcecode.swift; path = Scenario.swift; sourceTree = "<group>"; };
		A96B644128F7D14400E23BB2 /* Level.swift */ = {isa = PBXFileReference; fileEncoding = 4; lastKnownFileType = sourcecode.swift; path = Level.swift; sourceTree = "<group>"; };
		A96B644228F7D14400E23BB2 /* Choice.swift */ = {isa = PBXFileReference; fileEncoding = 4; lastKnownFileType = sourcecode.swift; path = Choice.swift; sourceTree = "<group>"; };
		A993D81728EB16640052DC92 /* Baloo2-VariableFont_wght.ttf */ = {isa = PBXFileReference; lastKnownFileType = file; path = "Baloo2-VariableFont_wght.ttf"; sourceTree = "<group>"; };
		A993D81D28EB17300052DC92 /* UIFont+Ext.swift */ = {isa = PBXFileReference; lastKnownFileType = sourcecode.swift; path = "UIFont+Ext.swift"; sourceTree = "<group>"; };
		A993D82328EC68990052DC92 /* ChooseScenarioController.swift */ = {isa = PBXFileReference; lastKnownFileType = sourcecode.swift; path = ChooseScenarioController.swift; sourceTree = "<group>"; };
		A993D82728EC7C870052DC92 /* ScenarioCell.swift */ = {isa = PBXFileReference; lastKnownFileType = sourcecode.swift; path = ScenarioCell.swift; sourceTree = "<group>"; };
		A9B1761B28FD2408005F2FC1 /* CloudKitHelper.swift */ = {isa = PBXFileReference; lastKnownFileType = sourcecode.swift; path = CloudKitHelper.swift; sourceTree = "<group>"; };
		A9B1761D28FD3667005F2FC1 /* UIImage+Ext.swift */ = {isa = PBXFileReference; lastKnownFileType = sourcecode.swift; path = "UIImage+Ext.swift"; sourceTree = "<group>"; };
		C50B590328E587B6001D42E5 /* Komka.app */ = {isa = PBXFileReference; explicitFileType = wrapper.application; includeInIndex = 0; path = Komka.app; sourceTree = BUILT_PRODUCTS_DIR; };
		C50B590628E587B6001D42E5 /* AppDelegate.swift */ = {isa = PBXFileReference; lastKnownFileType = sourcecode.swift; path = AppDelegate.swift; sourceTree = "<group>"; };
		C50B590828E587B6001D42E5 /* SceneDelegate.swift */ = {isa = PBXFileReference; lastKnownFileType = sourcecode.swift; path = SceneDelegate.swift; sourceTree = "<group>"; };
		C50B590A28E587B6001D42E5 /* ViewController.swift */ = {isa = PBXFileReference; lastKnownFileType = sourcecode.swift; path = ViewController.swift; sourceTree = "<group>"; };
		C50B591028E587B6001D42E5 /* Komka.xcdatamodel */ = {isa = PBXFileReference; lastKnownFileType = wrapper.xcdatamodel; path = Komka.xcdatamodel; sourceTree = "<group>"; };
		C50B591228E587B7001D42E5 /* Assets.xcassets */ = {isa = PBXFileReference; lastKnownFileType = folder.assetcatalog; path = Assets.xcassets; sourceTree = "<group>"; };
		C50B591528E587B7001D42E5 /* Base */ = {isa = PBXFileReference; lastKnownFileType = file.storyboard; name = Base; path = Base.lproj/LaunchScreen.storyboard; sourceTree = "<group>"; };
		C50B591728E587B7001D42E5 /* Info.plist */ = {isa = PBXFileReference; lastKnownFileType = text.plist.xml; path = Info.plist; sourceTree = "<group>"; };
		C50B591C28E587B7001D42E5 /* KomkaTests.xctest */ = {isa = PBXFileReference; explicitFileType = wrapper.cfbundle; includeInIndex = 0; path = KomkaTests.xctest; sourceTree = BUILT_PRODUCTS_DIR; };
		C50B592028E587B7001D42E5 /* KomkaTests.swift */ = {isa = PBXFileReference; lastKnownFileType = sourcecode.swift; path = KomkaTests.swift; sourceTree = "<group>"; };
		C50B592628E587B7001D42E5 /* KomkaUITests.xctest */ = {isa = PBXFileReference; explicitFileType = wrapper.cfbundle; includeInIndex = 0; path = KomkaUITests.xctest; sourceTree = BUILT_PRODUCTS_DIR; };
		C50B592A28E587B7001D42E5 /* KomkaUITests.swift */ = {isa = PBXFileReference; lastKnownFileType = sourcecode.swift; path = KomkaUITests.swift; sourceTree = "<group>"; };
		C50B592C28E587B7001D42E5 /* KomkaUITestsLaunchTests.swift */ = {isa = PBXFileReference; lastKnownFileType = sourcecode.swift; path = KomkaUITestsLaunchTests.swift; sourceTree = "<group>"; };
		C5C61EBB28EDD010009BF7D0 /* Komka.entitlements */ = {isa = PBXFileReference; lastKnownFileType = text.plist.entitlements; path = Komka.entitlements; sourceTree = "<group>"; };
		DC4B746028F534CF00A9C640 /* ChooseGenderViewController.swift */ = {isa = PBXFileReference; lastKnownFileType = sourcecode.swift; path = ChooseGenderViewController.swift; sourceTree = "<group>"; };
		DC4B746428F5351D00A9C640 /* ChooseGenderViewModel.swift */ = {isa = PBXFileReference; lastKnownFileType = sourcecode.swift; path = ChooseGenderViewModel.swift; sourceTree = "<group>"; };
		DC4B746728F5355700A9C640 /* ScreenSizeConfiguration.swift */ = {isa = PBXFileReference; lastKnownFileType = sourcecode.swift; path = ScreenSizeConfiguration.swift; sourceTree = "<group>"; };
		DC4B746A28F5358500A9C640 /* ReusableComponent.swift */ = {isa = PBXFileReference; lastKnownFileType = sourcecode.swift; path = ReusableComponent.swift; sourceTree = "<group>"; };
		DC4B746C28F5359700A9C640 /* AutoLayout.swift */ = {isa = PBXFileReference; lastKnownFileType = sourcecode.swift; path = AutoLayout.swift; sourceTree = "<group>"; };
		DC4B746E28F535FF00A9C640 /* NSUbiquitousKeyValueStore+Ext.swift */ = {isa = PBXFileReference; lastKnownFileType = sourcecode.swift; path = "NSUbiquitousKeyValueStore+Ext.swift"; sourceTree = "<group>"; };
		DC4B747228F53A5200A9C640 /* Button.swift */ = {isa = PBXFileReference; fileEncoding = 4; lastKnownFileType = sourcecode.swift; path = Button.swift; sourceTree = "<group>"; };
/* End PBXFileReference section */

/* Begin PBXFrameworksBuildPhase section */
		C50B590028E587B6001D42E5 /* Frameworks */ = {
			isa = PBXFrameworksBuildPhase;
			buildActionMask = 2147483647;
			files = (
			);
			runOnlyForDeploymentPostprocessing = 0;
		};
		C50B591928E587B7001D42E5 /* Frameworks */ = {
			isa = PBXFrameworksBuildPhase;
			buildActionMask = 2147483647;
			files = (
			);
			runOnlyForDeploymentPostprocessing = 0;
		};
		C50B592328E587B7001D42E5 /* Frameworks */ = {
			isa = PBXFrameworksBuildPhase;
			buildActionMask = 2147483647;
			files = (
			);
			runOnlyForDeploymentPostprocessing = 0;
		};
/* End PBXFrameworksBuildPhase section */

/* Begin PBXGroup section */
		A96B643528F5BC1B00E23BB2 /* ViewModel */ = {
			isa = PBXGroup;
			children = (
				A96B643628F5BC9800E23BB2 /* ChooseScenarioViewModel.swift */,
			);
			path = ViewModel;
			sourceTree = "<group>";
		};
		A96B643B28F7D14400E23BB2 /* Models */ = {
			isa = PBXGroup;
			children = (
				A96B643C28F7D14400E23BB2 /* MultipleChoice.swift */,
				A96B643D28F7D14400E23BB2 /* Reward.swift */,
				A96B643E28F7D14400E23BB2 /* WordImitation.swift */,
				A96B643F28F7D14400E23BB2 /* Asset.swift */,
				A96B644028F7D14400E23BB2 /* Scenario.swift */,
				A96B644128F7D14400E23BB2 /* Level.swift */,
				A96B644228F7D14400E23BB2 /* Choice.swift */,
			);
			path = Models;
			sourceTree = "<group>";
		};
		A993D81628EB16350052DC92 /* Font */ = {
			isa = PBXGroup;
			children = (
				A993D81728EB16640052DC92 /* Baloo2-VariableFont_wght.ttf */,
			);
			path = Font;
			sourceTree = "<group>";
		};
		A993D81B28EB17180052DC92 /* Utilities */ = {
			isa = PBXGroup;
			children = (
				DC4B746628F5353F00A9C640 /* Constants */,
				A993D81C28EB17240052DC92 /* Extension */,
			);
			path = Utilities;
			sourceTree = "<group>";
		};
		A993D81C28EB17240052DC92 /* Extension */ = {
			isa = PBXGroup;
			children = (
				DC4B746928F5356300A9C640 /* UIView+Ext */,
				A993D81D28EB17300052DC92 /* UIFont+Ext.swift */,
				DC4B746E28F535FF00A9C640 /* NSUbiquitousKeyValueStore+Ext.swift */,
				A9B1761D28FD3667005F2FC1 /* UIImage+Ext.swift */,
			);
			path = Extension;
			sourceTree = "<group>";
		};
		A993D82928EFB8E10052DC92 /* ChooseScenario */ = {
			isa = PBXGroup;
			children = (
				A96B643528F5BC1B00E23BB2 /* ViewModel */,
				A993D82A28EFB8ED0052DC92 /* View */,
				A9B1761B28FD2408005F2FC1 /* CloudKitHelper.swift */,
			);
			path = ChooseScenario;
			sourceTree = "<group>";
		};
		A993D82A28EFB8ED0052DC92 /* View */ = {
			isa = PBXGroup;
			children = (
				A993D82728EC7C870052DC92 /* ScenarioCell.swift */,
				A993D82328EC68990052DC92 /* ChooseScenarioController.swift */,
			);
			path = View;
			sourceTree = "<group>";
		};
		A993D82B28EFB9820052DC92 /* Themes */ = {
			isa = PBXGroup;
			children = (
				DC4B747528F53EAC00A9C640 /* UI */,
				A993D81628EB16350052DC92 /* Font */,
			);
			path = Themes;
			sourceTree = "<group>";
		};
		C50B58FA28E587B6001D42E5 = {
			isa = PBXGroup;
			children = (
				C50B590528E587B6001D42E5 /* Komka */,
				C50B591F28E587B7001D42E5 /* KomkaTests */,
				C50B592928E587B7001D42E5 /* KomkaUITests */,
				C50B590428E587B6001D42E5 /* Products */,
			);
			sourceTree = "<group>";
		};
		C50B590428E587B6001D42E5 /* Products */ = {
			isa = PBXGroup;
			children = (
				C50B590328E587B6001D42E5 /* Komka.app */,
				C50B591C28E587B7001D42E5 /* KomkaTests.xctest */,
				C50B592628E587B7001D42E5 /* KomkaUITests.xctest */,
			);
			name = Products;
			sourceTree = "<group>";
		};
		C50B590528E587B6001D42E5 /* Komka */ = {
			isa = PBXGroup;
			children = (
				C5C61EBB28EDD010009BF7D0 /* Komka.entitlements */,
				A96B643B28F7D14400E23BB2 /* Models */,
				A993D82B28EFB9820052DC92 /* Themes */,
				A993D81B28EB17180052DC92 /* Utilities */,
				DC4B745F28F5345700A9C640 /* ChooseGender */,
				A993D82928EFB8E10052DC92 /* ChooseScenario */,
				C50B590628E587B6001D42E5 /* AppDelegate.swift */,
				C50B590828E587B6001D42E5 /* SceneDelegate.swift */,
				C50B590A28E587B6001D42E5 /* ViewController.swift */,
				C50B591228E587B7001D42E5 /* Assets.xcassets */,
				C50B591428E587B7001D42E5 /* LaunchScreen.storyboard */,
				C50B591728E587B7001D42E5 /* Info.plist */,
				C50B590F28E587B6001D42E5 /* Komka.xcdatamodeld */,
			);
			path = Komka;
			sourceTree = "<group>";
		};
		C50B591F28E587B7001D42E5 /* KomkaTests */ = {
			isa = PBXGroup;
			children = (
				C50B592028E587B7001D42E5 /* KomkaTests.swift */,
			);
			path = KomkaTests;
			sourceTree = "<group>";
		};
		C50B592928E587B7001D42E5 /* KomkaUITests */ = {
			isa = PBXGroup;
			children = (
				C50B592A28E587B7001D42E5 /* KomkaUITests.swift */,
				C50B592C28E587B7001D42E5 /* KomkaUITestsLaunchTests.swift */,
			);
			path = KomkaUITests;
			sourceTree = "<group>";
		};
		DC4B745F28F5345700A9C640 /* ChooseGender */ = {
			isa = PBXGroup;
			children = (
				DC4B746228F534FC00A9C640 /* View */,
				DC4B746328F5350700A9C640 /* ViewModel */,
			);
			path = ChooseGender;
			sourceTree = "<group>";
		};
		DC4B746228F534FC00A9C640 /* View */ = {
			isa = PBXGroup;
			children = (
				DC4B746028F534CF00A9C640 /* ChooseGenderViewController.swift */,
			);
			path = View;
			sourceTree = "<group>";
		};
		DC4B746328F5350700A9C640 /* ViewModel */ = {
			isa = PBXGroup;
			children = (
				DC4B746428F5351D00A9C640 /* ChooseGenderViewModel.swift */,
			);
			path = ViewModel;
			sourceTree = "<group>";
		};
		DC4B746628F5353F00A9C640 /* Constants */ = {
			isa = PBXGroup;
			children = (
				DC4B746728F5355700A9C640 /* ScreenSizeConfiguration.swift */,
			);
			path = Constants;
			sourceTree = "<group>";
		};
		DC4B746928F5356300A9C640 /* UIView+Ext */ = {
			isa = PBXGroup;
			children = (
				DC4B746A28F5358500A9C640 /* ReusableComponent.swift */,
				DC4B746C28F5359700A9C640 /* AutoLayout.swift */,
			);
			path = "UIView+Ext";
			sourceTree = "<group>";
		};
		DC4B747528F53EAC00A9C640 /* UI */ = {
			isa = PBXGroup;
			children = (
				DC4B747228F53A5200A9C640 /* Button.swift */,
			);
			path = UI;
			sourceTree = "<group>";
		};
/* End PBXGroup section */

/* Begin PBXNativeTarget section */
		C50B590228E587B6001D42E5 /* Komka */ = {
			isa = PBXNativeTarget;
			buildConfigurationList = C50B593028E587B7001D42E5 /* Build configuration list for PBXNativeTarget "Komka" */;
			buildPhases = (
				C50B58FF28E587B6001D42E5 /* Sources */,
				C50B590028E587B6001D42E5 /* Frameworks */,
				C50B590128E587B6001D42E5 /* Resources */,
			);
			buildRules = (
			);
			dependencies = (
			);
			name = Komka;
			productName = Komka;
			productReference = C50B590328E587B6001D42E5 /* Komka.app */;
			productType = "com.apple.product-type.application";
		};
		C50B591B28E587B7001D42E5 /* KomkaTests */ = {
			isa = PBXNativeTarget;
			buildConfigurationList = C50B593328E587B7001D42E5 /* Build configuration list for PBXNativeTarget "KomkaTests" */;
			buildPhases = (
				C50B591828E587B7001D42E5 /* Sources */,
				C50B591928E587B7001D42E5 /* Frameworks */,
				C50B591A28E587B7001D42E5 /* Resources */,
			);
			buildRules = (
			);
			dependencies = (
				C50B591E28E587B7001D42E5 /* PBXTargetDependency */,
			);
			name = KomkaTests;
			productName = KomkaTests;
			productReference = C50B591C28E587B7001D42E5 /* KomkaTests.xctest */;
			productType = "com.apple.product-type.bundle.unit-test";
		};
		C50B592528E587B7001D42E5 /* KomkaUITests */ = {
			isa = PBXNativeTarget;
			buildConfigurationList = C50B593628E587B7001D42E5 /* Build configuration list for PBXNativeTarget "KomkaUITests" */;
			buildPhases = (
				C50B592228E587B7001D42E5 /* Sources */,
				C50B592328E587B7001D42E5 /* Frameworks */,
				C50B592428E587B7001D42E5 /* Resources */,
			);
			buildRules = (
			);
			dependencies = (
				C50B592828E587B7001D42E5 /* PBXTargetDependency */,
			);
			name = KomkaUITests;
			productName = KomkaUITests;
			productReference = C50B592628E587B7001D42E5 /* KomkaUITests.xctest */;
			productType = "com.apple.product-type.bundle.ui-testing";
		};
/* End PBXNativeTarget section */

/* Begin PBXProject section */
		C50B58FB28E587B6001D42E5 /* Project object */ = {
			isa = PBXProject;
			attributes = {
				BuildIndependentTargetsInParallel = 1;
				LastSwiftUpdateCheck = 1400;
				LastUpgradeCheck = 1400;
				TargetAttributes = {
					C50B590228E587B6001D42E5 = {
						CreatedOnToolsVersion = 14.0;
					};
					C50B591B28E587B7001D42E5 = {
						CreatedOnToolsVersion = 14.0;
						TestTargetID = C50B590228E587B6001D42E5;
					};
					C50B592528E587B7001D42E5 = {
						CreatedOnToolsVersion = 14.0;
						TestTargetID = C50B590228E587B6001D42E5;
					};
				};
			};
			buildConfigurationList = C50B58FE28E587B6001D42E5 /* Build configuration list for PBXProject "Komka" */;
			compatibilityVersion = "Xcode 14.0";
			developmentRegion = en;
			hasScannedForEncodings = 0;
			knownRegions = (
				en,
				Base,
			);
			mainGroup = C50B58FA28E587B6001D42E5;
			productRefGroup = C50B590428E587B6001D42E5 /* Products */;
			projectDirPath = "";
			projectRoot = "";
			targets = (
				C50B590228E587B6001D42E5 /* Komka */,
				C50B591B28E587B7001D42E5 /* KomkaTests */,
				C50B592528E587B7001D42E5 /* KomkaUITests */,
			);
		};
/* End PBXProject section */

/* Begin PBXResourcesBuildPhase section */
		C50B590128E587B6001D42E5 /* Resources */ = {
			isa = PBXResourcesBuildPhase;
			buildActionMask = 2147483647;
			files = (
				A993D81828EB16640052DC92 /* Baloo2-VariableFont_wght.ttf in Resources */,
				C50B591628E587B7001D42E5 /* LaunchScreen.storyboard in Resources */,
				C50B591328E587B7001D42E5 /* Assets.xcassets in Resources */,
			);
			runOnlyForDeploymentPostprocessing = 0;
		};
		C50B591A28E587B7001D42E5 /* Resources */ = {
			isa = PBXResourcesBuildPhase;
			buildActionMask = 2147483647;
			files = (
			);
			runOnlyForDeploymentPostprocessing = 0;
		};
		C50B592428E587B7001D42E5 /* Resources */ = {
			isa = PBXResourcesBuildPhase;
			buildActionMask = 2147483647;
			files = (
			);
			runOnlyForDeploymentPostprocessing = 0;
		};
/* End PBXResourcesBuildPhase section */

/* Begin PBXSourcesBuildPhase section */
		C50B58FF28E587B6001D42E5 /* Sources */ = {
			isa = PBXSourcesBuildPhase;
			buildActionMask = 2147483647;
			files = (
				DC4B746B28F5358500A9C640 /* ReusableComponent.swift in Sources */,
				DC4B746128F534CF00A9C640 /* ChooseGenderViewController.swift in Sources */,
				A96B644928F7D14400E23BB2 /* Choice.swift in Sources */,
				A993D82428EC68990052DC92 /* ChooseScenarioController.swift in Sources */,
				A993D82828EC7C870052DC92 /* ScenarioCell.swift in Sources */,
				A993D81E28EB17300052DC92 /* UIFont+Ext.swift in Sources */,
				C50B590B28E587B6001D42E5 /* ViewController.swift in Sources */,
				A96B644328F7D14400E23BB2 /* MultipleChoice.swift in Sources */,
				DC4B746D28F5359700A9C640 /* AutoLayout.swift in Sources */,
				A9B1761E28FD3667005F2FC1 /* UIImage+Ext.swift in Sources */,
				DC4B746828F5355700A9C640 /* ScreenSizeConfiguration.swift in Sources */,
				A96B644628F7D14400E23BB2 /* Asset.swift in Sources */,
				DC4B746528F5351D00A9C640 /* ChooseGenderViewModel.swift in Sources */,
				DC4B747428F53A5200A9C640 /* Button.swift in Sources */,
				C50B591128E587B6001D42E5 /* Komka.xcdatamodeld in Sources */,
				A96B644728F7D14400E23BB2 /* Scenario.swift in Sources */,
				A96B644428F7D14400E23BB2 /* Reward.swift in Sources */,
				A96B644828F7D14400E23BB2 /* Level.swift in Sources */,
				C50B590728E587B6001D42E5 /* AppDelegate.swift in Sources */,
				A9B1761C28FD2408005F2FC1 /* CloudKitHelper.swift in Sources */,
				A96B643728F5BC9800E23BB2 /* ChooseScenarioViewModel.swift in Sources */,
				DC4B746F28F535FF00A9C640 /* NSUbiquitousKeyValueStore+Ext.swift in Sources */,
				A96B644528F7D14400E23BB2 /* WordImitation.swift in Sources */,
				C50B590928E587B6001D42E5 /* SceneDelegate.swift in Sources */,
			);
			runOnlyForDeploymentPostprocessing = 0;
		};
		C50B591828E587B7001D42E5 /* Sources */ = {
			isa = PBXSourcesBuildPhase;
			buildActionMask = 2147483647;
			files = (
				C50B592128E587B7001D42E5 /* KomkaTests.swift in Sources */,
			);
			runOnlyForDeploymentPostprocessing = 0;
		};
		C50B592228E587B7001D42E5 /* Sources */ = {
			isa = PBXSourcesBuildPhase;
			buildActionMask = 2147483647;
			files = (
				C50B592D28E587B7001D42E5 /* KomkaUITestsLaunchTests.swift in Sources */,
				C50B592B28E587B7001D42E5 /* KomkaUITests.swift in Sources */,
			);
			runOnlyForDeploymentPostprocessing = 0;
		};
/* End PBXSourcesBuildPhase section */

/* Begin PBXTargetDependency section */
		C50B591E28E587B7001D42E5 /* PBXTargetDependency */ = {
			isa = PBXTargetDependency;
			target = C50B590228E587B6001D42E5 /* Komka */;
			targetProxy = C50B591D28E587B7001D42E5 /* PBXContainerItemProxy */;
		};
		C50B592828E587B7001D42E5 /* PBXTargetDependency */ = {
			isa = PBXTargetDependency;
			target = C50B590228E587B6001D42E5 /* Komka */;
			targetProxy = C50B592728E587B7001D42E5 /* PBXContainerItemProxy */;
		};
/* End PBXTargetDependency section */

/* Begin PBXVariantGroup section */
		C50B591428E587B7001D42E5 /* LaunchScreen.storyboard */ = {
			isa = PBXVariantGroup;
			children = (
				C50B591528E587B7001D42E5 /* Base */,
			);
			name = LaunchScreen.storyboard;
			sourceTree = "<group>";
		};
/* End PBXVariantGroup section */

/* Begin XCBuildConfiguration section */
		C50B592E28E587B7001D42E5 /* Debug */ = {
			isa = XCBuildConfiguration;
			buildSettings = {
				ALWAYS_SEARCH_USER_PATHS = NO;
				CLANG_ANALYZER_NONNULL = YES;
				CLANG_ANALYZER_NUMBER_OBJECT_CONVERSION = YES_AGGRESSIVE;
				CLANG_CXX_LANGUAGE_STANDARD = "gnu++20";
				CLANG_ENABLE_MODULES = YES;
				CLANG_ENABLE_OBJC_ARC = YES;
				CLANG_ENABLE_OBJC_WEAK = YES;
				CLANG_WARN_BLOCK_CAPTURE_AUTORELEASING = YES;
				CLANG_WARN_BOOL_CONVERSION = YES;
				CLANG_WARN_COMMA = YES;
				CLANG_WARN_CONSTANT_CONVERSION = YES;
				CLANG_WARN_DEPRECATED_OBJC_IMPLEMENTATIONS = YES;
				CLANG_WARN_DIRECT_OBJC_ISA_USAGE = YES_ERROR;
				CLANG_WARN_DOCUMENTATION_COMMENTS = YES;
				CLANG_WARN_EMPTY_BODY = YES;
				CLANG_WARN_ENUM_CONVERSION = YES;
				CLANG_WARN_INFINITE_RECURSION = YES;
				CLANG_WARN_INT_CONVERSION = YES;
				CLANG_WARN_NON_LITERAL_NULL_CONVERSION = YES;
				CLANG_WARN_OBJC_IMPLICIT_RETAIN_SELF = YES;
				CLANG_WARN_OBJC_LITERAL_CONVERSION = YES;
				CLANG_WARN_OBJC_ROOT_CLASS = YES_ERROR;
				CLANG_WARN_QUOTED_INCLUDE_IN_FRAMEWORK_HEADER = YES;
				CLANG_WARN_RANGE_LOOP_ANALYSIS = YES;
				CLANG_WARN_STRICT_PROTOTYPES = YES;
				CLANG_WARN_SUSPICIOUS_MOVE = YES;
				CLANG_WARN_UNGUARDED_AVAILABILITY = YES_AGGRESSIVE;
				CLANG_WARN_UNREACHABLE_CODE = YES;
				CLANG_WARN__DUPLICATE_METHOD_MATCH = YES;
				COPY_PHASE_STRIP = NO;
				DEBUG_INFORMATION_FORMAT = dwarf;
				ENABLE_STRICT_OBJC_MSGSEND = YES;
				ENABLE_TESTABILITY = YES;
				GCC_C_LANGUAGE_STANDARD = gnu11;
				GCC_DYNAMIC_NO_PIC = NO;
				GCC_NO_COMMON_BLOCKS = YES;
				GCC_OPTIMIZATION_LEVEL = 0;
				GCC_PREPROCESSOR_DEFINITIONS = (
					"DEBUG=1",
					"$(inherited)",
				);
				GCC_WARN_64_TO_32_BIT_CONVERSION = YES;
				GCC_WARN_ABOUT_RETURN_TYPE = YES_ERROR;
				GCC_WARN_UNDECLARED_SELECTOR = YES;
				GCC_WARN_UNINITIALIZED_AUTOS = YES_AGGRESSIVE;
				GCC_WARN_UNUSED_FUNCTION = YES;
				GCC_WARN_UNUSED_VARIABLE = YES;
				IPHONEOS_DEPLOYMENT_TARGET = 16.0;
				MTL_ENABLE_DEBUG_INFO = INCLUDE_SOURCE;
				MTL_FAST_MATH = YES;
				ONLY_ACTIVE_ARCH = YES;
				SDKROOT = iphoneos;
				SWIFT_ACTIVE_COMPILATION_CONDITIONS = DEBUG;
				SWIFT_OPTIMIZATION_LEVEL = "-Onone";
			};
			name = Debug;
		};
		C50B592F28E587B7001D42E5 /* Release */ = {
			isa = XCBuildConfiguration;
			buildSettings = {
				ALWAYS_SEARCH_USER_PATHS = NO;
				CLANG_ANALYZER_NONNULL = YES;
				CLANG_ANALYZER_NUMBER_OBJECT_CONVERSION = YES_AGGRESSIVE;
				CLANG_CXX_LANGUAGE_STANDARD = "gnu++20";
				CLANG_ENABLE_MODULES = YES;
				CLANG_ENABLE_OBJC_ARC = YES;
				CLANG_ENABLE_OBJC_WEAK = YES;
				CLANG_WARN_BLOCK_CAPTURE_AUTORELEASING = YES;
				CLANG_WARN_BOOL_CONVERSION = YES;
				CLANG_WARN_COMMA = YES;
				CLANG_WARN_CONSTANT_CONVERSION = YES;
				CLANG_WARN_DEPRECATED_OBJC_IMPLEMENTATIONS = YES;
				CLANG_WARN_DIRECT_OBJC_ISA_USAGE = YES_ERROR;
				CLANG_WARN_DOCUMENTATION_COMMENTS = YES;
				CLANG_WARN_EMPTY_BODY = YES;
				CLANG_WARN_ENUM_CONVERSION = YES;
				CLANG_WARN_INFINITE_RECURSION = YES;
				CLANG_WARN_INT_CONVERSION = YES;
				CLANG_WARN_NON_LITERAL_NULL_CONVERSION = YES;
				CLANG_WARN_OBJC_IMPLICIT_RETAIN_SELF = YES;
				CLANG_WARN_OBJC_LITERAL_CONVERSION = YES;
				CLANG_WARN_OBJC_ROOT_CLASS = YES_ERROR;
				CLANG_WARN_QUOTED_INCLUDE_IN_FRAMEWORK_HEADER = YES;
				CLANG_WARN_RANGE_LOOP_ANALYSIS = YES;
				CLANG_WARN_STRICT_PROTOTYPES = YES;
				CLANG_WARN_SUSPICIOUS_MOVE = YES;
				CLANG_WARN_UNGUARDED_AVAILABILITY = YES_AGGRESSIVE;
				CLANG_WARN_UNREACHABLE_CODE = YES;
				CLANG_WARN__DUPLICATE_METHOD_MATCH = YES;
				COPY_PHASE_STRIP = NO;
				DEBUG_INFORMATION_FORMAT = "dwarf-with-dsym";
				ENABLE_NS_ASSERTIONS = NO;
				ENABLE_STRICT_OBJC_MSGSEND = YES;
				GCC_C_LANGUAGE_STANDARD = gnu11;
				GCC_NO_COMMON_BLOCKS = YES;
				GCC_WARN_64_TO_32_BIT_CONVERSION = YES;
				GCC_WARN_ABOUT_RETURN_TYPE = YES_ERROR;
				GCC_WARN_UNDECLARED_SELECTOR = YES;
				GCC_WARN_UNINITIALIZED_AUTOS = YES_AGGRESSIVE;
				GCC_WARN_UNUSED_FUNCTION = YES;
				GCC_WARN_UNUSED_VARIABLE = YES;
				IPHONEOS_DEPLOYMENT_TARGET = 16.0;
				MTL_ENABLE_DEBUG_INFO = NO;
				MTL_FAST_MATH = YES;
				SDKROOT = iphoneos;
				SWIFT_COMPILATION_MODE = wholemodule;
				SWIFT_OPTIMIZATION_LEVEL = "-O";
				VALIDATE_PRODUCT = YES;
			};
			name = Release;
		};
		C50B593128E587B7001D42E5 /* Debug */ = {
			isa = XCBuildConfiguration;
			buildSettings = {
				ASSETCATALOG_COMPILER_APPICON_NAME = AppIcon;
				ASSETCATALOG_COMPILER_GLOBAL_ACCENT_COLOR_NAME = AccentColor;
				CODE_SIGN_ENTITLEMENTS = Komka/Komka.entitlements;
				CODE_SIGN_STYLE = Automatic;
				CURRENT_PROJECT_VERSION = 1;
				DEVELOPMENT_TEAM = SS9M8F83UR;
				GENERATE_INFOPLIST_FILE = YES;
				INFOPLIST_FILE = Komka/Info.plist;
				INFOPLIST_KEY_UIApplicationSupportsIndirectInputEvents = YES;
				INFOPLIST_KEY_UILaunchStoryboardName = LaunchScreen;
				INFOPLIST_KEY_UISupportedInterfaceOrientations = "UIInterfaceOrientationLandscapeLeft UIInterfaceOrientationLandscapeRight UIInterfaceOrientationPortrait";
				INFOPLIST_KEY_UISupportedInterfaceOrientations_iPad = "UIInterfaceOrientationLandscapeLeft UIInterfaceOrientationLandscapeRight";
				INFOPLIST_KEY_UIUserInterfaceStyle = Light;
				IPHONEOS_DEPLOYMENT_TARGET = 15.5;
				LD_RUNPATH_SEARCH_PATHS = (
					"$(inherited)",
					"@executable_path/Frameworks",
				);
				MARKETING_VERSION = 1.0;
				PRODUCT_BUNDLE_IDENTIFIER = com.macro.Komka;
				PRODUCT_NAME = "$(TARGET_NAME)";
				SWIFT_EMIT_LOC_STRINGS = YES;
				SWIFT_VERSION = 5.0;
				TARGETED_DEVICE_FAMILY = "1,2";
			};
			name = Debug;
		};
		C50B593228E587B7001D42E5 /* Release */ = {
			isa = XCBuildConfiguration;
			buildSettings = {
				ASSETCATALOG_COMPILER_APPICON_NAME = AppIcon;
				ASSETCATALOG_COMPILER_GLOBAL_ACCENT_COLOR_NAME = AccentColor;
				CODE_SIGN_ENTITLEMENTS = Komka/Komka.entitlements;
				"CODE_SIGN_IDENTITY[sdk=iphoneos*]" = "iPhone Developer";
				CODE_SIGN_STYLE = Manual;
				CURRENT_PROJECT_VERSION = 1;
				DEVELOPMENT_TEAM = "";
				"DEVELOPMENT_TEAM[sdk=iphoneos*]" = L2V23RWBGR;
				GENERATE_INFOPLIST_FILE = YES;
				INFOPLIST_FILE = Komka/Info.plist;
				INFOPLIST_KEY_UIApplicationSupportsIndirectInputEvents = YES;
				INFOPLIST_KEY_UILaunchStoryboardName = LaunchScreen;
				INFOPLIST_KEY_UISupportedInterfaceOrientations = "UIInterfaceOrientationLandscapeLeft UIInterfaceOrientationLandscapeRight UIInterfaceOrientationPortrait";
				INFOPLIST_KEY_UISupportedInterfaceOrientations_iPad = "UIInterfaceOrientationLandscapeLeft UIInterfaceOrientationLandscapeRight";
				INFOPLIST_KEY_UIUserInterfaceStyle = Light;
				IPHONEOS_DEPLOYMENT_TARGET = 15.5;
				LD_RUNPATH_SEARCH_PATHS = (
					"$(inherited)",
					"@executable_path/Frameworks",
				);
				MARKETING_VERSION = 1.0;
				PRODUCT_BUNDLE_IDENTIFIER = com.macro.Komka;
				PRODUCT_NAME = "$(TARGET_NAME)";
				PROVISIONING_PROFILE_SPECIFIER = "";
				"PROVISIONING_PROFILE_SPECIFIER[sdk=iphoneos*]" = KomkaProfile;
				SWIFT_EMIT_LOC_STRINGS = YES;
				SWIFT_VERSION = 5.0;
				TARGETED_DEVICE_FAMILY = "1,2";
			};
			name = Release;
		};
		C50B593428E587B7001D42E5 /* Debug */ = {
			isa = XCBuildConfiguration;
			buildSettings = {
				ALWAYS_EMBED_SWIFT_STANDARD_LIBRARIES = YES;
				BUNDLE_LOADER = "$(TEST_HOST)";
				CODE_SIGN_STYLE = Automatic;
				CURRENT_PROJECT_VERSION = 1;
				DEVELOPMENT_TEAM = L2V23RWBGR;
				GENERATE_INFOPLIST_FILE = YES;
				IPHONEOS_DEPLOYMENT_TARGET = 16.0;
				MARKETING_VERSION = 1.0;
				PRODUCT_BUNDLE_IDENTIFIER = com.macro.KomkaTests;
				PRODUCT_NAME = "$(TARGET_NAME)";
				SWIFT_EMIT_LOC_STRINGS = NO;
				SWIFT_VERSION = 5.0;
				TARGETED_DEVICE_FAMILY = "1,2";
				TEST_HOST = "$(BUILT_PRODUCTS_DIR)/Komka.app/$(BUNDLE_EXECUTABLE_FOLDER_PATH)/Komka";
			};
			name = Debug;
		};
		C50B593528E587B7001D42E5 /* Release */ = {
			isa = XCBuildConfiguration;
			buildSettings = {
				ALWAYS_EMBED_SWIFT_STANDARD_LIBRARIES = YES;
				BUNDLE_LOADER = "$(TEST_HOST)";
				CODE_SIGN_STYLE = Automatic;
				CURRENT_PROJECT_VERSION = 1;
				DEVELOPMENT_TEAM = L2V23RWBGR;
				GENERATE_INFOPLIST_FILE = YES;
				IPHONEOS_DEPLOYMENT_TARGET = 16.0;
				MARKETING_VERSION = 1.0;
				PRODUCT_BUNDLE_IDENTIFIER = com.macro.KomkaTests;
				PRODUCT_NAME = "$(TARGET_NAME)";
				SWIFT_EMIT_LOC_STRINGS = NO;
				SWIFT_VERSION = 5.0;
				TARGETED_DEVICE_FAMILY = "1,2";
				TEST_HOST = "$(BUILT_PRODUCTS_DIR)/Komka.app/$(BUNDLE_EXECUTABLE_FOLDER_PATH)/Komka";
			};
			name = Release;
		};
		C50B593728E587B7001D42E5 /* Debug */ = {
			isa = XCBuildConfiguration;
			buildSettings = {
				ALWAYS_EMBED_SWIFT_STANDARD_LIBRARIES = YES;
				CODE_SIGN_STYLE = Automatic;
				CURRENT_PROJECT_VERSION = 1;
				DEVELOPMENT_TEAM = L2V23RWBGR;
				GENERATE_INFOPLIST_FILE = YES;
				MARKETING_VERSION = 1.0;
				PRODUCT_BUNDLE_IDENTIFIER = com.macro.KomkaUITests;
				PRODUCT_NAME = "$(TARGET_NAME)";
				SWIFT_EMIT_LOC_STRINGS = NO;
				SWIFT_VERSION = 5.0;
				TARGETED_DEVICE_FAMILY = "1,2";
				TEST_TARGET_NAME = Komka;
			};
			name = Debug;
		};
		C50B593828E587B7001D42E5 /* Release */ = {
			isa = XCBuildConfiguration;
			buildSettings = {
				ALWAYS_EMBED_SWIFT_STANDARD_LIBRARIES = YES;
				CODE_SIGN_STYLE = Automatic;
				CURRENT_PROJECT_VERSION = 1;
				DEVELOPMENT_TEAM = L2V23RWBGR;
				GENERATE_INFOPLIST_FILE = YES;
				MARKETING_VERSION = 1.0;
				PRODUCT_BUNDLE_IDENTIFIER = com.macro.KomkaUITests;
				PRODUCT_NAME = "$(TARGET_NAME)";
				SWIFT_EMIT_LOC_STRINGS = NO;
				SWIFT_VERSION = 5.0;
				TARGETED_DEVICE_FAMILY = "1,2";
				TEST_TARGET_NAME = Komka;
			};
			name = Release;
		};
/* End XCBuildConfiguration section */

/* Begin XCConfigurationList section */
		C50B58FE28E587B6001D42E5 /* Build configuration list for PBXProject "Komka" */ = {
			isa = XCConfigurationList;
			buildConfigurations = (
				C50B592E28E587B7001D42E5 /* Debug */,
				C50B592F28E587B7001D42E5 /* Release */,
			);
			defaultConfigurationIsVisible = 0;
			defaultConfigurationName = Release;
		};
		C50B593028E587B7001D42E5 /* Build configuration list for PBXNativeTarget "Komka" */ = {
			isa = XCConfigurationList;
			buildConfigurations = (
				C50B593128E587B7001D42E5 /* Debug */,
				C50B593228E587B7001D42E5 /* Release */,
			);
			defaultConfigurationIsVisible = 0;
			defaultConfigurationName = Release;
		};
		C50B593328E587B7001D42E5 /* Build configuration list for PBXNativeTarget "KomkaTests" */ = {
			isa = XCConfigurationList;
			buildConfigurations = (
				C50B593428E587B7001D42E5 /* Debug */,
				C50B593528E587B7001D42E5 /* Release */,
			);
			defaultConfigurationIsVisible = 0;
			defaultConfigurationName = Release;
		};
		C50B593628E587B7001D42E5 /* Build configuration list for PBXNativeTarget "KomkaUITests" */ = {
			isa = XCConfigurationList;
			buildConfigurations = (
				C50B593728E587B7001D42E5 /* Debug */,
				C50B593828E587B7001D42E5 /* Release */,
			);
			defaultConfigurationIsVisible = 0;
			defaultConfigurationName = Release;
		};
/* End XCConfigurationList section */

/* Begin XCVersionGroup section */
		C50B590F28E587B6001D42E5 /* Komka.xcdatamodeld */ = {
			isa = XCVersionGroup;
			children = (
				C50B591028E587B6001D42E5 /* Komka.xcdatamodel */,
			);
			currentVersion = C50B591028E587B6001D42E5 /* Komka.xcdatamodel */;
			path = Komka.xcdatamodeld;
			sourceTree = "<group>";
			versionGroupType = wrapper.xcdatamodel;
		};
/* End XCVersionGroup section */
	};
	rootObject = C50B58FB28E587B6001D42E5 /* Project object */;
}
